{
  "version": 4,
  "terraform_version": "1.7.4",
  "serial": 138,
  "lineage": "6782051d-ad95-6db6-a87b-c4dd0f0384d2",
  "outputs": {
    "fqdn": {
      "value": "jupyter.coolsite.online",
      "type": "string"
    },
    "instance_id": {
      "value": "i-037f25eb2751c33a1",
      "type": "string"
    },
    "instance_public_ip": {
      "value": "54.191.104.149",
      "type": "string"
    }
  },
  "resources": [
    {
      "mode": "data",
      "type": "aws_ami",
      "name": "amazon-linux-2023",
      "provider": "provider[\"registry.terraform.io/hashicorp/aws\"]",
      "instances": [
        {
          "schema_version": 0,
          "attributes": {
            "architecture": "x86_64",
            "arn": "arn:aws:ec2:us-west-2::image/ami-0663b059c6536cac8",
            "block_device_mappings": [
              {
                "device_name": "/dev/xvda",
                "ebs": {
                  "delete_on_termination": "true",
                  "encrypted": "false",
                  "iops": "3000",
                  "snapshot_id": "snap-0025f718c66528750",
                  "throughput": "125",
                  "volume_size": "8",
                  "volume_type": "gp3"
                },
                "no_device": "",
                "virtual_name": ""
              }
            ],
            "boot_mode": "uefi-preferred",
            "creation_date": "2024-04-11T20:57:18.000Z",
            "deprecation_time": "2024-07-10T20:57:00.000Z",
            "description": "Amazon Linux 2023 AMI 2023.4.20240416.0 x86_64 HVM kernel-6.1",
            "ena_support": true,
            "executable_users": null,
            "filter": [
              {
                "name": "architecture",
                "values": [
                  "x86_64"
                ]
              },
              {
                "name": "name",
                "values": [
                  "al2023-ami-2023*"
                ]
              },
              {
                "name": "owner-alias",
                "values": [
                  "amazon"
                ]
              }
            ],
            "hypervisor": "xen",
            "id": "ami-0663b059c6536cac8",
            "image_id": "ami-0663b059c6536cac8",
            "image_location": "amazon/al2023-ami-2023.4.20240416.0-kernel-6.1-x86_64",
            "image_owner_alias": "amazon",
            "image_type": "machine",
            "imds_support": "v2.0",
            "include_deprecated": false,
            "kernel_id": "",
            "most_recent": true,
            "name": "al2023-ami-2023.4.20240416.0-kernel-6.1-x86_64",
            "name_regex": null,
            "owner_id": "137112412989",
            "owners": null,
            "platform": "",
            "platform_details": "Linux/UNIX",
            "product_codes": [],
            "public": true,
            "ramdisk_id": "",
            "root_device_name": "/dev/xvda",
            "root_device_type": "ebs",
            "root_snapshot_id": "snap-0025f718c66528750",
            "sriov_net_support": "simple",
            "state": "available",
            "state_reason": {
              "code": "UNSET",
              "message": "UNSET"
            },
            "tags": {},
            "timeouts": null,
            "tpm_support": "",
            "usage_operation": "RunInstances",
            "virtualization_type": "hvm"
          },
          "sensitive_attributes": []
        }
      ]
    },
    {
      "mode": "data",
      "type": "aws_availability_zones",
      "name": "available",
      "provider": "provider[\"registry.terraform.io/hashicorp/aws\"]",
      "instances": [
        {
          "schema_version": 0,
          "attributes": {
            "all_availability_zones": null,
            "exclude_names": null,
            "exclude_zone_ids": null,
            "filter": [
              {
                "name": "opt-in-status",
                "values": [
                  "opt-in-not-required"
                ]
              }
            ],
            "group_names": [
              "us-west-2"
            ],
            "id": "us-west-2",
            "names": [
              "us-west-2a",
              "us-west-2b",
              "us-west-2c",
              "us-west-2d"
            ],
            "state": "available",
            "timeouts": null,
            "zone_ids": [
              "usw2-az2",
              "usw2-az1",
              "usw2-az3",
              "usw2-az4"
            ]
          },
          "sensitive_attributes": []
        }
      ]
    },
    {
      "mode": "data",
      "type": "aws_ebs_volume",
      "name": "stateful_volume",
      "provider": "provider[\"registry.terraform.io/hashicorp/aws\"]",
      "instances": [
        {
          "schema_version": 0,
          "attributes": {
            "arn": "arn:aws:ec2:us-west-2:910953234718:volume/vol-0d58d07bbc70a491f",
            "availability_zone": "us-west-2a",
            "encrypted": false,
            "filter": [
              {
                "name": "tag:Name",
                "values": [
                  "mlopsenv_stateful_ebs"
                ]
              },
              {
                "name": "volume-type",
                "values": [
                  "gp3"
                ]
              }
            ],
            "id": "vol-0d58d07bbc70a491f",
            "iops": 3000,
            "kms_key_id": "",
            "most_recent": true,
            "multi_attach_enabled": false,
            "outpost_arn": "",
            "size": 8,
            "snapshot_id": "snap-08602e5896a2b98d5",
            "tags": {
              "Name": "mlopsenv_stateful_ebs"
            },
            "throughput": 125,
            "timeouts": null,
            "volume_id": "vol-0d58d07bbc70a491f",
            "volume_type": "gp3"
          },
          "sensitive_attributes": []
        }
      ]
    },
    {
      "mode": "managed",
      "type": "aws_acm_certificate",
      "name": "acm_certificate",
      "provider": "provider[\"registry.terraform.io/hashicorp/aws\"]",
      "instances": [
        {
          "schema_version": 0,
          "attributes": {
            "arn": "arn:aws:acm:us-west-2:910953234718:certificate/0e94d010-eb84-4ac2-ad1c-26af9a4dbcf7",
            "certificate_authority_arn": "",
            "certificate_body": null,
            "certificate_chain": null,
            "domain_name": "coolsite.online",
            "domain_validation_options": [
              {
                "domain_name": "*.coolsite.online",
                "resource_record_name": "_26cffb9adf0b1ab131e61e41fd28d176.coolsite.online.",
                "resource_record_type": "CNAME",
                "resource_record_value": "_262ff5461283030149f830eaffc2f078.mhbtsbpdnt.acm-validations.aws."
              },
              {
                "domain_name": "coolsite.online",
                "resource_record_name": "_26cffb9adf0b1ab131e61e41fd28d176.coolsite.online.",
                "resource_record_type": "CNAME",
                "resource_record_value": "_262ff5461283030149f830eaffc2f078.mhbtsbpdnt.acm-validations.aws."
              }
            ],
            "early_renewal_duration": "",
            "id": "arn:aws:acm:us-west-2:910953234718:certificate/0e94d010-eb84-4ac2-ad1c-26af9a4dbcf7",
            "key_algorithm": "RSA_2048",
            "not_after": "2025-05-23T23:59:59Z",
            "not_before": "2024-04-24T00:00:00Z",
            "options": [
              {
                "certificate_transparency_logging_preference": "ENABLED"
              }
            ],
            "pending_renewal": false,
            "private_key": null,
            "renewal_eligibility": "ELIGIBLE",
            "renewal_summary": [],
            "status": "ISSUED",
            "subject_alternative_names": [
              "*.coolsite.online",
              "coolsite.online"
            ],
            "tags": {},
            "tags_all": {},
            "type": "AMAZON_ISSUED",
            "validation_emails": [],
            "validation_method": "DNS",
            "validation_option": []
          },
          "sensitive_attributes": [],
          "private": "bnVsbA==",
          "create_before_destroy": true
        }
      ]
    },
    {
      "mode": "managed",
      "type": "aws_acm_certificate_validation",
      "name": "acm_validation",
      "provider": "provider[\"registry.terraform.io/hashicorp/aws\"]",
      "instances": [
        {
          "schema_version": 0,
          "attributes": {
            "certificate_arn": "arn:aws:acm:us-west-2:910953234718:certificate/0e94d010-eb84-4ac2-ad1c-26af9a4dbcf7",
            "id": "0001-01-01 00:00:00 +0000 UTC",
            "timeouts": null,
            "validation_record_fqdns": [
              "_26cffb9adf0b1ab131e61e41fd28d176.coolsite.online"
            ]
          },
          "sensitive_attributes": [],
          "private": "eyJlMmJmYjczMC1lY2FhLTExZTYtOGY4OC0zNDM2M2JjN2M0YzAiOnsiY3JlYXRlIjo0NTAwMDAwMDAwMDAwfX0=",
          "dependencies": [
            "aws_acm_certificate.acm_certificate",
            "aws_route53_record.dns_validation_records",
            "aws_route53_zone.main"
          ]
        }
      ]
    },
    {
      "mode": "managed",
      "type": "aws_iam_instance_profile",
      "name": "iam_profile_tf",
      "provider": "provider[\"registry.terraform.io/hashicorp/aws\"]",
      "instances": [
        {
          "schema_version": 0,
          "attributes": {
            "arn": "arn:aws:iam::910953234718:instance-profile/mlops_profile_tf",
            "create_date": "2024-04-24T15:14:14Z",
            "id": "mlops_profile_tf",
            "name": "mlops_profile_tf",
            "name_prefix": "",
            "path": "/",
            "role": "mlopsenv_role_tf",
            "tags": {},
            "tags_all": {},
            "unique_id": "AIPA5IGILIEPPTTZ4VRKP"
          },
          "sensitive_attributes": [],
          "private": "bnVsbA==",
          "dependencies": [
            "aws_iam_role.ec2_iam_role_tf"
          ]
        }
      ]
    },
    {
      "mode": "managed",
      "type": "aws_iam_policy",
      "name": "iam_access_policy_tf",
      "provider": "provider[\"registry.terraform.io/hashicorp/aws\"]",
      "instances": [
        {
          "schema_version": 0,
          "attributes": {
            "arn": "arn:aws:iam::910953234718:policy/mlopsenv_access_policy_tf",
            "description": "Policy to provide permissions to the MLOps environment instance",
            "id": "arn:aws:iam::910953234718:policy/mlopsenv_access_policy_tf",
            "name": "mlopsenv_access_policy_tf",
            "name_prefix": "",
            "path": "/",
            "policy": "{\"Statement\":[{\"Action\":[\"s3:*\",\"s3-object-lambda:*\",\"logs:*\",\"cloudwatch:GenerateQuery\",\"ec2:*\",\"ssm:*\",\"ssmmessages:*\",\"ec2messages:*\"],\"Effect\":\"Allow\",\"Resource\":\"*\"}],\"Version\":\"2012-10-17\"}",
            "policy_id": "ANPA5IGILIEPCG3JBZPHR",
            "tags": {},
            "tags_all": {}
          },
          "sensitive_attributes": [],
          "private": "bnVsbA=="
        }
      ]
    },
    {
      "mode": "managed",
      "type": "aws_iam_policy_attachment",
      "name": "policy_attach_tf",
      "provider": "provider[\"registry.terraform.io/hashicorp/aws\"]",
      "instances": [
        {
          "schema_version": 0,
          "attributes": {
            "groups": [],
            "id": "mlopsenv_attachment_tf",
            "name": "mlopsenv_attachment_tf",
            "policy_arn": "arn:aws:iam::910953234718:policy/mlopsenv_access_policy_tf",
            "roles": [
              "mlopsenv_role_tf"
            ],
            "users": []
          },
          "sensitive_attributes": [],
          "private": "bnVsbA==",
          "dependencies": [
            "aws_iam_policy.iam_access_policy_tf",
            "aws_iam_role.ec2_iam_role_tf"
          ]
        }
      ]
    },
    {
      "mode": "managed",
      "type": "aws_iam_role",
      "name": "ec2_iam_role_tf",
      "provider": "provider[\"registry.terraform.io/hashicorp/aws\"]",
      "instances": [
        {
          "schema_version": 0,
          "attributes": {
            "arn": "arn:aws:iam::910953234718:role/mlopsenv_role_tf",
            "assume_role_policy": "{\"Statement\":[{\"Action\":\"sts:AssumeRole\",\"Effect\":\"Allow\",\"Principal\":{\"Service\":\"ec2.amazonaws.com\"},\"Sid\":\"\"}],\"Version\":\"2012-10-17\"}",
            "create_date": "2024-04-24T15:14:13Z",
            "description": "",
            "force_detach_policies": false,
            "id": "mlopsenv_role_tf",
            "inline_policy": [],
            "managed_policy_arns": [
              "arn:aws:iam::910953234718:policy/mlopsenv_access_policy_tf"
            ],
            "max_session_duration": 3600,
            "name": "mlopsenv_role_tf",
            "name_prefix": "",
            "path": "/",
            "permissions_boundary": "",
            "tags": {},
            "tags_all": {},
            "unique_id": "AROA5IGILIEPHFMUDPUP2"
          },
          "sensitive_attributes": [],
          "private": "bnVsbA=="
        }
      ]
    },
    {
      "mode": "managed",
      "type": "aws_instance",
      "name": "ec2_server",
      "provider": "provider[\"registry.terraform.io/hashicorp/aws\"]",
      "instances": [
        {
          "schema_version": 1,
          "attributes": {
            "ami": "ami-0663b059c6536cac8",
            "arn": "arn:aws:ec2:us-west-2:910953234718:instance/i-037f25eb2751c33a1",
            "associate_public_ip_address": true,
            "availability_zone": "us-west-2a",
            "capacity_reservation_specification": [
              {
                "capacity_reservation_preference": "open",
                "capacity_reservation_target": []
              }
            ],
            "cpu_core_count": 1,
            "cpu_options": [
              {
                "amd_sev_snp": "",
                "core_count": 1,
                "threads_per_core": 1
              }
            ],
            "cpu_threads_per_core": 1,
            "credit_specification": [
              {
                "cpu_credits": "standard"
              }
            ],
            "disable_api_stop": false,
            "disable_api_termination": false,
            "ebs_block_device": [],
            "ebs_optimized": false,
            "enclave_options": [
              {
                "enabled": false
              }
            ],
            "ephemeral_block_device": [],
            "get_password_data": false,
            "hibernation": false,
            "host_id": "",
            "host_resource_group_arn": null,
            "iam_instance_profile": "mlops_profile_tf",
            "id": "i-037f25eb2751c33a1",
            "instance_initiated_shutdown_behavior": "stop",
            "instance_lifecycle": "",
            "instance_market_options": [],
            "instance_state": "running",
            "instance_type": "t2.micro",
            "ipv6_address_count": 0,
            "ipv6_addresses": [],
            "key_name": "mlopsenv_dev_key",
            "launch_template": [],
            "maintenance_options": [
              {
                "auto_recovery": "default"
              }
            ],
            "metadata_options": [
              {
                "http_endpoint": "enabled",
                "http_protocol_ipv6": "disabled",
                "http_put_response_hop_limit": 2,
                "http_tokens": "required",
                "instance_metadata_tags": "disabled"
              }
            ],
            "monitoring": false,
            "network_interface": [],
            "outpost_arn": "",
            "password_data": "",
            "placement_group": "",
            "placement_partition_number": 0,
            "primary_network_interface_id": "eni-0a78a920d0e9f2f3c",
            "private_dns": "ip-10-0-1-207.us-west-2.compute.internal",
            "private_dns_name_options": [
              {
                "enable_resource_name_dns_a_record": false,
                "enable_resource_name_dns_aaaa_record": false,
                "hostname_type": "ip-name"
              }
            ],
            "private_ip": "10.0.1.207",
            "public_dns": "ec2-54-191-104-149.us-west-2.compute.amazonaws.com",
            "public_ip": "54.191.104.149",
            "root_block_device": [
              {
                "delete_on_termination": true,
                "device_name": "/dev/xvda",
                "encrypted": false,
                "iops": 3000,
                "kms_key_id": "",
                "tags": {},
                "throughput": 125,
                "volume_id": "vol-0538a523c9aa65c33",
                "volume_size": 8,
                "volume_type": "gp3"
              }
            ],
            "secondary_private_ips": [],
            "security_groups": [],
            "source_dest_check": true,
            "spot_instance_request_id": "",
            "subnet_id": "subnet-0f1e095936cc1eaa0",
            "tags": {
              "Name": "mlops_server",
              "Service": "mlopsenv",
              "ansible_group_tag": "grs"
            },
            "tags_all": {
              "Name": "mlops_server",
              "Service": "mlopsenv",
              "ansible_group_tag": "grs"
            },
            "tenancy": "default",
            "timeouts": null,
            "user_data": null,
            "user_data_base64": null,
            "user_data_replace_on_change": false,
            "volume_tags": null,
            "vpc_security_group_ids": [
              "sg-00a1591cc3f564592"
            ]
          },
          "sensitive_attributes": [],
          "private": "eyJlMmJmYjczMC1lY2FhLTExZTYtOGY4OC0zNDM2M2JjN2M0YzAiOnsiY3JlYXRlIjo2MDAwMDAwMDAwMDAsImRlbGV0ZSI6MTIwMDAwMDAwMDAwMCwidXBkYXRlIjo2MDAwMDAwMDAwMDB9LCJzY2hlbWFfdmVyc2lvbiI6IjEifQ==",
          "dependencies": [
            "aws_iam_instance_profile.iam_profile_tf",
            "aws_iam_role.ec2_iam_role_tf",
            "aws_security_group.default",
            "data.aws_ami.amazon-linux-2023",
            "data.aws_availability_zones.available",
            "module.vpc.aws_subnet.public",
            "module.vpc.aws_vpc.this",
            "module.vpc.aws_vpc_ipv4_cidr_block_association.this"
          ]
        }
      ]
    },
    {
      "mode": "managed",
      "type": "aws_key_pair",
      "name": "dev_key",
      "provider": "provider[\"registry.terraform.io/hashicorp/aws\"]",
      "instances": [
        {
          "schema_version": 1,
          "attributes": {
            "arn": "arn:aws:ec2:us-west-2:910953234718:key-pair/mlopsenv_dev_key",
            "fingerprint": "4e:75:35:b2:ac:87:9c:b6:62:f1:ce:a5:5e:fe:bc:f7",
            "id": "mlopsenv_dev_key",
            "key_name": "mlopsenv_dev_key",
            "key_name_prefix": "",
            "key_pair_id": "key-09339fdde64535bd3",
            "key_type": "rsa",
            "public_key": "ssh-rsa AAAAB3NzaC1yc2EAAAADAQABAAACAQC0OpBI2CrmSc7iR2qFbvt9TQ8lPsolxzc2/+tWgykAGKDo3qcjBpUEkae1f0ImIiR3K54b3TbcADXkeRhmJC2FUOMPwvy9i9nd8OehfZBxVGj4i/zJNFThcq+sJKovv0e8cN+30dZQMkAbqc9pG5aWY107+eQZ07511biSQNYzGV82oSkxsXWfqSj4iRybOEsJcLePyMFwO8avgjNu2MjUptkw78jNN+Bl8TY+LChSdfeRx0nmM83dx+olmfcF/6KOa6dr/GJLs3ShPyIYbZZWG8o8vS2DfJ/r0ioYVua3JVaUNZU8yHrQFhtzmVqB4hiPigzCn8X39pbqF6mkEBMrg5geLTGsoSRaFJT4REvye+s/ISDR3rDymkbWJD+OKkLegNh4aARodElLycUOZSkzQoEWeeN3hz7DugRAWAWAgoVFnbzbKfp3UpQPgKs2ZTgN/jpv9sdC4UErt0p7W0wW5Ffgm5wUjRULc/RsNardIqyPwVt8u9dOK6U5AWLJ4FocrgQzHyk2mVpmSXR0dOfIwlzRKjOAykytEW7B/MBqEr8XmSPSnLgZ+2WzxZGHhAxIQvESbHPsJJxANL+ElHUiG64P8WlkjrES99QwMbP9AoH7NigBO2nuuCHiUK80kLHFw3B3dhlVBwx9Kdw5M3cyp8Yz/D2LdufbQ1VpOeHXgQ==",
            "tags": {},
            "tags_all": {}
          },
          "sensitive_attributes": [],
          "private": "eyJzY2hlbWFfdmVyc2lvbiI6IjEifQ==",
          "dependencies": [
            "tls_private_key.rsa"
          ]
        }
      ]
    },
    {
      "mode": "managed",
      "type": "aws_lb",
      "name": "default",
      "provider": "provider[\"registry.terraform.io/hashicorp/aws\"]",
      "instances": [
        {
          "schema_version": 0,
          "attributes": {
            "access_logs": [
              {
                "bucket": "",
                "enabled": false,
                "prefix": ""
              }
            ],
            "arn": "arn:aws:elasticloadbalancing:us-west-2:910953234718:loadbalancer/app/mlopsenv-alb/afbbe125cc38ef7b",
            "arn_suffix": "app/mlopsenv-alb/afbbe125cc38ef7b",
            "connection_logs": [
              {
                "bucket": "",
                "enabled": false,
                "prefix": ""
              }
            ],
            "customer_owned_ipv4_pool": "",
            "desync_mitigation_mode": "defensive",
            "dns_name": "mlopsenv-alb-674284431.us-west-2.elb.amazonaws.com",
            "dns_record_client_routing_policy": null,
            "drop_invalid_header_fields": false,
            "enable_cross_zone_load_balancing": true,
            "enable_deletion_protection": false,
            "enable_http2": true,
            "enable_tls_version_and_cipher_suite_headers": false,
            "enable_waf_fail_open": false,
            "enable_xff_client_port": false,
            "enforce_security_group_inbound_rules_on_private_link_traffic": "",
            "id": "arn:aws:elasticloadbalancing:us-west-2:910953234718:loadbalancer/app/mlopsenv-alb/afbbe125cc38ef7b",
            "idle_timeout": 60,
            "internal": false,
            "ip_address_type": "ipv4",
            "load_balancer_type": "application",
            "name": "mlopsenv-alb",
            "name_prefix": "",
            "preserve_host_header": false,
            "security_groups": [
              "sg-00a1591cc3f564592"
            ],
            "subnet_mapping": [
              {
                "allocation_id": "",
                "ipv6_address": "",
                "outpost_id": "",
                "private_ipv4_address": "",
                "subnet_id": "subnet-06e151f9262f35b86"
              },
              {
                "allocation_id": "",
                "ipv6_address": "",
                "outpost_id": "",
                "private_ipv4_address": "",
                "subnet_id": "subnet-0f1e095936cc1eaa0"
              }
            ],
            "subnets": [
              "subnet-06e151f9262f35b86",
              "subnet-0f1e095936cc1eaa0"
            ],
            "tags": {
              "Owner": "gilberto",
              "env": "dev"
            },
            "tags_all": {
              "Owner": "gilberto",
              "env": "dev"
            },
            "timeouts": null,
            "vpc_id": "vpc-091de924472c4c6b6",
            "xff_header_processing_mode": "append",
            "zone_id": "Z1H1FL5HABSF5"
          },
          "sensitive_attributes": [],
          "private": "eyJlMmJmYjczMC1lY2FhLTExZTYtOGY4OC0zNDM2M2JjN2M0YzAiOnsiY3JlYXRlIjo2MDAwMDAwMDAwMDAsImRlbGV0ZSI6NjAwMDAwMDAwMDAwLCJ1cGRhdGUiOjYwMDAwMDAwMDAwMH19",
          "dependencies": [
            "aws_security_group.default",
            "data.aws_availability_zones.available",
            "module.vpc.aws_subnet.public",
            "module.vpc.aws_vpc.this",
            "module.vpc.aws_vpc_ipv4_cidr_block_association.this"
          ]
        }
      ]
    },
    {
      "mode": "managed",
      "type": "aws_lb_listener",
      "name": "default",
      "provider": "provider[\"registry.terraform.io/hashicorp/aws\"]",
      "instances": [
        {
          "schema_version": 0,
          "attributes": {
            "alpn_policy": null,
            "arn": "arn:aws:elasticloadbalancing:us-west-2:910953234718:listener/app/mlopsenv-alb/afbbe125cc38ef7b/8ddc18c986fa3637",
            "certificate_arn": "arn:aws:acm:us-west-2:910953234718:certificate/0e94d010-eb84-4ac2-ad1c-26af9a4dbcf7",
            "default_action": [
              {
                "authenticate_cognito": [],
                "authenticate_oidc": [],
                "fixed_response": [],
                "forward": [],
                "order": 1,
                "redirect": [],
                "target_group_arn": "arn:aws:elasticloadbalancing:us-west-2:910953234718:targetgroup/demo-website-tg/97b7a23e6ebe224a",
                "type": "forward"
              }
            ],
            "id": "arn:aws:elasticloadbalancing:us-west-2:910953234718:listener/app/mlopsenv-alb/afbbe125cc38ef7b/8ddc18c986fa3637",
            "load_balancer_arn": "arn:aws:elasticloadbalancing:us-west-2:910953234718:loadbalancer/app/mlopsenv-alb/afbbe125cc38ef7b",
            "mutual_authentication": [
              {
                "ignore_client_certificate_expiry": false,
                "mode": "off",
                "trust_store_arn": ""
              }
            ],
            "port": 443,
            "protocol": "HTTPS",
            "ssl_policy": "ELBSecurityPolicy-2016-08",
            "tags": {},
            "tags_all": {},
            "timeouts": null
          },
          "sensitive_attributes": [],
          "private": "eyJlMmJmYjczMC1lY2FhLTExZTYtOGY4OC0zNDM2M2JjN2M0YzAiOnsiY3JlYXRlIjozMDAwMDAwMDAwMDAsInVwZGF0ZSI6MzAwMDAwMDAwMDAwfX0=",
          "dependencies": [
            "aws_acm_certificate.acm_certificate",
            "aws_acm_certificate_validation.acm_validation",
            "aws_lb.default",
            "aws_lb_target_group.default",
            "aws_route53_record.dns_validation_records",
            "aws_route53_zone.main",
            "aws_security_group.default",
            "data.aws_availability_zones.available",
            "module.vpc.aws_subnet.public",
            "module.vpc.aws_vpc.this",
            "module.vpc.aws_vpc_ipv4_cidr_block_association.this"
          ]
        }
      ]
    },
    {
      "mode": "managed",
      "type": "aws_lb_target_group",
      "name": "default",
      "provider": "provider[\"registry.terraform.io/hashicorp/aws\"]",
      "instances": [
        {
          "schema_version": 0,
          "attributes": {
            "arn": "arn:aws:elasticloadbalancing:us-west-2:910953234718:targetgroup/demo-website-tg/97b7a23e6ebe224a",
            "arn_suffix": "targetgroup/demo-website-tg/97b7a23e6ebe224a",
            "connection_termination": null,
            "deregistration_delay": "300",
            "health_check": [
              {
                "enabled": true,
                "healthy_threshold": 5,
                "interval": 30,
                "matcher": "200",
                "path": "/",
                "port": "traffic-port",
                "protocol": "HTTP",
                "timeout": 5,
                "unhealthy_threshold": 2
              }
            ],
            "id": "arn:aws:elasticloadbalancing:us-west-2:910953234718:targetgroup/demo-website-tg/97b7a23e6ebe224a",
            "ip_address_type": "ipv4",
            "lambda_multi_value_headers_enabled": false,
            "load_balancing_algorithm_type": "round_robin",
            "load_balancing_anomaly_mitigation": "off",
            "load_balancing_cross_zone_enabled": "use_load_balancer_configuration",
            "name": "demo-website-tg",
            "name_prefix": "",
            "port": 80,
            "preserve_client_ip": null,
            "protocol": "HTTP",
            "protocol_version": "HTTP1",
            "proxy_protocol_v2": false,
            "slow_start": 0,
            "stickiness": [
              {
                "cookie_duration": 86400,
                "cookie_name": "",
                "enabled": false,
                "type": "lb_cookie"
              }
            ],
            "tags": {},
            "tags_all": {},
            "target_failover": [
              {
                "on_deregistration": null,
                "on_unhealthy": null
              }
            ],
            "target_health_state": [
              {
                "enable_unhealthy_connection_termination": null
              }
            ],
            "target_type": "instance",
            "vpc_id": "vpc-091de924472c4c6b6"
          },
          "sensitive_attributes": [],
          "private": "bnVsbA==",
          "dependencies": [
            "module.vpc.aws_vpc.this"
          ]
        }
      ]
    },
    {
      "mode": "managed",
      "type": "aws_lb_target_group_attachment",
      "name": "default",
      "provider": "provider[\"registry.terraform.io/hashicorp/aws\"]",
      "instances": [
        {
          "schema_version": 0,
          "attributes": {
            "availability_zone": null,
            "id": "arn:aws:elasticloadbalancing:us-west-2:910953234718:targetgroup/demo-website-tg/97b7a23e6ebe224a-20240429185732854100000002",
            "port": 80,
            "target_group_arn": "arn:aws:elasticloadbalancing:us-west-2:910953234718:targetgroup/demo-website-tg/97b7a23e6ebe224a",
            "target_id": "i-037f25eb2751c33a1"
          },
          "sensitive_attributes": [],
          "private": "bnVsbA==",
          "dependencies": [
            "aws_iam_instance_profile.iam_profile_tf",
            "aws_iam_role.ec2_iam_role_tf",
            "aws_instance.ec2_server",
            "aws_lb_target_group.default",
            "aws_security_group.default",
            "data.aws_ami.amazon-linux-2023",
            "data.aws_availability_zones.available",
            "module.vpc.aws_subnet.public",
            "module.vpc.aws_vpc.this",
            "module.vpc.aws_vpc_ipv4_cidr_block_association.this"
          ]
        }
      ]
    },
    {
      "mode": "managed",
      "type": "aws_route53_record",
      "name": "dns_validation_records",
      "provider": "provider[\"registry.terraform.io/hashicorp/aws\"]",
      "instances": [
        {
          "index_key": "*.coolsite.online",
          "schema_version": 2,
          "attributes": {
            "alias": [],
            "allow_overwrite": true,
            "cidr_routing_policy": [],
            "failover_routing_policy": [],
            "fqdn": "_26cffb9adf0b1ab131e61e41fd28d176.coolsite.online",
            "geolocation_routing_policy": [],
            "health_check_id": "",
            "id": "Z09498983V5N73WEYY5OR__26cffb9adf0b1ab131e61e41fd28d176.coolsite.online._CNAME",
            "latency_routing_policy": [],
            "multivalue_answer_routing_policy": false,
            "name": "_26cffb9adf0b1ab131e61e41fd28d176.coolsite.online",
            "records": [
              "_262ff5461283030149f830eaffc2f078.mhbtsbpdnt.acm-validations.aws."
            ],
            "set_identifier": "",
            "ttl": 300,
            "type": "CNAME",
            "weighted_routing_policy": [],
            "zone_id": "Z09498983V5N73WEYY5OR"
          },
          "sensitive_attributes": [],
          "private": "eyJzY2hlbWFfdmVyc2lvbiI6IjIifQ==",
          "dependencies": [
            "aws_acm_certificate.acm_certificate",
            "aws_route53_zone.main"
          ]
        },
        {
          "index_key": "coolsite.online",
          "schema_version": 2,
          "attributes": {
            "alias": [],
            "allow_overwrite": true,
            "cidr_routing_policy": [],
            "failover_routing_policy": [],
            "fqdn": "_26cffb9adf0b1ab131e61e41fd28d176.coolsite.online",
            "geolocation_routing_policy": [],
            "health_check_id": "",
            "id": "Z09498983V5N73WEYY5OR__26cffb9adf0b1ab131e61e41fd28d176.coolsite.online._CNAME",
            "latency_routing_policy": [],
            "multivalue_answer_routing_policy": false,
            "name": "_26cffb9adf0b1ab131e61e41fd28d176.coolsite.online",
            "records": [
              "_262ff5461283030149f830eaffc2f078.mhbtsbpdnt.acm-validations.aws."
            ],
            "set_identifier": "",
            "ttl": 300,
            "type": "CNAME",
            "weighted_routing_policy": [],
            "zone_id": "Z09498983V5N73WEYY5OR"
          },
          "sensitive_attributes": [],
          "private": "eyJzY2hlbWFfdmVyc2lvbiI6IjIifQ==",
          "dependencies": [
            "aws_acm_certificate.acm_certificate",
            "aws_route53_zone.main"
          ]
        }
      ]
    },
    {
      "mode": "managed",
      "type": "aws_route53_record",
      "name": "main",
      "provider": "provider[\"registry.terraform.io/hashicorp/aws\"]",
      "instances": [
        {
          "schema_version": 2,
          "attributes": {
            "alias": [
              {
                "evaluate_target_health": true,
                "name": "dualstack.mlopsenv-alb-674284431.us-west-2.elb.amazonaws.com",
                "zone_id": "Z1H1FL5HABSF5"
              }
            ],
            "allow_overwrite": null,
            "cidr_routing_policy": [],
            "failover_routing_policy": [],
            "fqdn": "jupyter.coolsite.online",
            "geolocation_routing_policy": [],
            "health_check_id": "",
            "id": "Z09498983V5N73WEYY5OR_jupyter_A",
            "latency_routing_policy": [],
            "multivalue_answer_routing_policy": false,
            "name": "jupyter",
            "records": [],
            "set_identifier": "",
            "ttl": 0,
            "type": "A",
            "weighted_routing_policy": [],
            "zone_id": "Z09498983V5N73WEYY5OR"
          },
          "sensitive_attributes": [],
          "private": "eyJzY2hlbWFfdmVyc2lvbiI6IjIifQ==",
          "dependencies": [
            "aws_lb.default",
            "aws_route53_zone.main",
            "aws_security_group.default",
            "data.aws_availability_zones.available",
            "module.vpc.aws_subnet.public",
            "module.vpc.aws_vpc.this",
            "module.vpc.aws_vpc_ipv4_cidr_block_association.this"
          ]
        }
      ]
    },
    {
      "mode": "managed",
      "type": "aws_route53_zone",
      "name": "main",
      "provider": "provider[\"registry.terraform.io/hashicorp/aws\"]",
      "instances": [
        {
          "schema_version": 0,
          "attributes": {
            "arn": "arn:aws:route53:::hostedzone/Z09498983V5N73WEYY5OR",
            "comment": "Managed by Terraform",
            "delegation_set_id": "",
            "force_destroy": false,
            "id": "Z09498983V5N73WEYY5OR",
            "name": "coolsite.online",
            "name_servers": [
              "ns-1407.awsdns-47.org",
              "ns-1938.awsdns-50.co.uk",
              "ns-30.awsdns-03.com",
              "ns-546.awsdns-04.net"
            ],
            "primary_name_server": "ns-30.awsdns-03.com",
            "tags": {},
            "tags_all": {},
            "vpc": [],
            "zone_id": "Z09498983V5N73WEYY5OR"
          },
          "sensitive_attributes": [],
          "private": "bnVsbA=="
        }
      ]
    },
    {
      "mode": "managed",
      "type": "aws_security_group",
      "name": "default",
      "provider": "provider[\"registry.terraform.io/hashicorp/aws\"]",
      "instances": [
        {
          "schema_version": 1,
          "attributes": {
            "arn": "arn:aws:ec2:us-west-2:910953234718:security-group/sg-00a1591cc3f564592",
            "description": "Managed by Terraform",
            "egress": [
              {
                "cidr_blocks": [
                  "0.0.0.0/0"
                ],
                "description": "",
                "from_port": 0,
                "ipv6_cidr_blocks": [],
                "prefix_list_ids": [],
                "protocol": "-1",
                "security_groups": [],
                "self": false,
                "to_port": 0
              }
            ],
            "id": "sg-00a1591cc3f564592",
            "ingress": [
              {
                "cidr_blocks": [
                  "0.0.0.0/0"
                ],
                "description": "BROWSER",
                "from_port": 80,
                "ipv6_cidr_blocks": [],
                "prefix_list_ids": [],
                "protocol": "tcp",
                "security_groups": [],
                "self": false,
                "to_port": 80
              },
              {
                "cidr_blocks": [
                  "0.0.0.0/0"
                ],
                "description": "SSH",
                "from_port": 22,
                "ipv6_cidr_blocks": [],
                "prefix_list_ids": [],
                "protocol": "tcp",
                "security_groups": [],
                "self": false,
                "to_port": 22
              },
              {
                "cidr_blocks": [
                  "0.0.0.0/0"
                ],
                "description": "SSL",
                "from_port": 443,
                "ipv6_cidr_blocks": [],
                "prefix_list_ids": [],
                "protocol": "tcp",
                "security_groups": [],
                "self": false,
                "to_port": 443
              },
              {
                "cidr_blocks": [
                  "0.0.0.0/0"
                ],
                "description": "TCP",
                "from_port": 8080,
                "ipv6_cidr_blocks": [],
                "prefix_list_ids": [],
                "protocol": "tcp",
                "security_groups": [],
                "self": false,
                "to_port": 8080
              }
            ],
            "name": "mlopsenv_sg20240424153924456000000001",
            "name_prefix": "mlopsenv_sg",
            "owner_id": "910953234718",
            "revoke_rules_on_delete": false,
            "tags": {},
            "tags_all": {},
            "timeouts": null,
            "vpc_id": "vpc-091de924472c4c6b6"
          },
          "sensitive_attributes": [],
          "private": "eyJlMmJmYjczMC1lY2FhLTExZTYtOGY4OC0zNDM2M2JjN2M0YzAiOnsiY3JlYXRlIjo2MDAwMDAwMDAwMDAsImRlbGV0ZSI6OTAwMDAwMDAwMDAwfSwic2NoZW1hX3ZlcnNpb24iOiIxIn0=",
          "dependencies": [
            "module.vpc.aws_vpc.this"
          ]
        }
      ]
    },
    {
      "mode": "managed",
      "type": "aws_volume_attachment",
      "name": "stateful",
      "provider": "provider[\"registry.terraform.io/hashicorp/aws\"]",
      "instances": [
        {
          "schema_version": 0,
          "attributes": {
            "device_name": "/dev/xvdf",
            "force_detach": null,
            "id": "vai-1511106032",
            "instance_id": "i-037f25eb2751c33a1",
            "skip_destroy": null,
            "stop_instance_before_detaching": null,
            "timeouts": null,
            "volume_id": "vol-0d58d07bbc70a491f"
          },
          "sensitive_attributes": [],
          "private": "eyJlMmJmYjczMC1lY2FhLTExZTYtOGY4OC0zNDM2M2JjN2M0YzAiOnsiY3JlYXRlIjozMDAwMDAwMDAwMDAsImRlbGV0ZSI6MzAwMDAwMDAwMDAwfX0=",
          "dependencies": [
            "aws_iam_instance_profile.iam_profile_tf",
            "aws_iam_role.ec2_iam_role_tf",
            "aws_instance.ec2_server",
            "aws_security_group.default",
            "data.aws_ami.amazon-linux-2023",
            "data.aws_availability_zones.available",
            "data.aws_ebs_volume.stateful_volume",
            "module.vpc.aws_subnet.public",
            "module.vpc.aws_vpc.this",
            "module.vpc.aws_vpc_ipv4_cidr_block_association.this"
          ]
        }
      ]
    },
    {
      "mode": "managed",
      "type": "local_file",
      "name": "local_dev_key",
      "provider": "provider[\"registry.terraform.io/hashicorp/local\"]",
      "instances": [
        {
          "schema_version": 0,
          "attributes": {
            "content": "-----BEGIN RSA PRIVATE KEY-----\nMIIJKAIBAAKCAgEAtDqQSNgq5knO4kdqhW77fU0PJT7KJcc3Nv/rVoMpABig6N6n\nIwaVBJGntX9CJiIkdyueG9023AA15HkYZiQthVDjD8L8vYvZ3fDnoX2QcVRo+Iv8\nyTRU4XKvrCSqL79HvHDft9HWUDJAG6nPaRuWlmNdO/nkGdO+ddW4kkDWMxlfNqEp\nMbF1n6ko+IkcmzhLCXC3j8jBcDvGr4IzbtjI1KbZMO/IzTfgZfE2PiwoUnX3kcdJ\n5jPN3cfqJZn3Bf+ijmuna/xiS7N0oT8iGG2WVhvKPL0tg3yf69IqGFbmtyVWlDWV\nPMh60BYbc5lageIYj4oMwp/F9/aW6heppBATK4OYHi0xrKEkWhSU+ERL8nvrPyEg\n0d6w8ppG1iQ/jipC3oDYeGgEaHRJS8nFDmUpM0KBFnnjd4c+w7oEQFgFgIKFRZ28\n2yn6d1KUD4CrNmU4Df46b/bHQuFBK7dKe1tMFuRX4JucFI0VC3P0bDWq3SKsj8Fb\nfLvXTiulOQFiyeBaHK4EMx8pNplaZkl0dHTnyMJc0SozgMpMrRFuwfzAahK/F5kj\n0py4Gftls8WRh4QMSELxEmxz7CScQDS/hJR1IhuuD/FpZI6xEvfUMDGz/QKB+zYo\nATtp7rgh4lCvNJCxxcNwd3YZVQcMfSncOTN3MqfGM/w9i3bn20NVaTnh14ECAwEA\nAQKCAgA6WaOREfuBp2/Frt176dyeSq6WnmeQJ5lmwyCMV9aUY2TlQADYxC7G1el4\nR4VBF1i7BHIiD1LNk3vfRp1xpFDgkrmQxs5RB9A3nOFBVYfISU3a+meTNNAuVZUu\npIg9AS7WgazMtLEwMbSzwByYqQfuFKmA23zQJ8/IErO5FijDTnmXFEJkBlJQqNHM\n9Yc/cdBJdCbZ9GM8VP4UoJDKWIFc58/1mgxm9KpAFwI6ys0bNXo7xkvUrfz+ytSx\n69EgLg2REqWXvpSMccNW2TvOsNw1cLXfSFhN87FLBjX+v1PfA8WuIlL45OduK1oj\n6Qh2eJ7/CfDrqhLMHxfpHlQb++BYcQsfw8jCAUiEad/uMMYVdx3ZUU9Mxqijw4M/\nPrQ/4v9Qw8l3Bzw19dDEQR3UT17PvvWVzpvzsUCOWSdk9TP6gQXZX9x8cSLTCxYy\nmTPFOEbqKbYbK7mFDz//AUyjSu5apNV9zItn6+WzUpuAVL1ABx4DeOwqsXRMmAfZ\neXUeRiK0hJT6dMQJsZjMYCvRgW2Zgam4+yObitUDs+wB801MeSZbhrptFew5g3kY\nUKK8TGMSHzt1ythyEjirdMKLWe2ulTD9uMy+G6IedbuJHIDh6vxtvbfIZ5w7kmc8\nQNBo3eVfpyklAhcMUYwBXBr+mhahCbeobvuOBMbuLNQV5tJ6CQKCAQEA3qt99dZ3\nn2npeq2WhE2+u4paEL6+kDG+QHZRkau/CJY7Umg7/H5uQr5YI5Q5elDYmpGe4dg1\n3eiEPO2BjptMhqWwyG8ij5YIoPqEbeygbj5e+HAmcn4z1sKulzq/4xRRja2IRzHo\nJwKiLJQ4mw6Q31+OUqOGJJz9LtQN337cTupNBM/EBpj4A5jccoMBooT4Wg53tnZz\nlmMGM5e7tn/1ADpkf7KhBkEBWAjvYGQH0atmXGdOrBWTIjJBD/3gJD3envNG9wX9\ngp21Q/M7pF4vqP+LQFIqS4D2c2AvM5ReSoGVMpY5UTvpEE2mBJewEmJnJrLut4hr\nakIHWa4ZF6TiJwKCAQEAzzTEIrG9zUMqqpkT5YliPIOKdtuSO7r+onWJco/3GcTq\nYIfNN+rgX6W2KouX4ID22u5fPnNT11/0CUQJakHWGrU0GQPtMBtERgLgYbHjWb1a\nLCFW1rsW/qhNxAIRPARB6OTzRV3vBO1hYmqEoZCukOE1LlfIrNAFaDE2swD1zjvT\nh8pLsxzxkKJpFTi1rBoMq4r1FUjnSd1c62edoQP3CJc5QGnWDoXGPHylZA4YBNDR\nRWA5SYXvSS4DIcnSO3RIi0kSQ8mbsf5xnLB9u7bHAUKgrYvUe7CowEVMm18bHVtK\nygg1kBNrtyI5Cp+YcGIYZ14xnlQDHOyjoW2PXmQKFwKCAQAHCjT5SMaPa7HOBx7z\nH+If28ftL5qmxGvXbeY2TM/FXbqSaGk9GmIyCgKPXWhTzaqLeH8ldMh/M5K6umeW\nMqLAvwxPyfO1xnCPZlw5fXm1ApPOFv2gMQ1ChPUwItNeQo4xhIMCfTlxwkuOTUFc\n5aD+7u54/mKHVc9LY7jsj/43IIE+3bK84qk0s+iEVk/+62VOs5ZlVmlhH9BaYTm2\nE2WTlEUJJISixftc5StsSL1Wi6y4zytVlXkJY71a3BPyEWKwc9CSjsXtEz9f3pjM\nIY4wMaQdbHuZ14HzM99KKi6w/FfTOZymTNaZhVryWjle222Xc6DIfK+otF23ICH6\n9WORAoIBAGde5KaGU7EuW//F5IYztr2HxjErs1V3IYd86bgsmFLTyTWlKj1GQO+W\npT2ubHOFAyIPn5ZxRJeC+CUTOzs2YxDp63a7Xb4NLE9dKgGzFD/11iGD9GWl6n/b\nCQjLGzv8x8DfT3oAtbiYkGffyhEsM9p1b+mRw7xq/veO7cH5radYc1wgEQnnW6AT\nVidPJlsYl8+QwFoBB9nyxGNwStREPR6dCuPWqQKPvGj6qiwzV8o3Pt/EdG/4kHrK\nqKdXnzkn9vT93E3TK4ht7tIDvoZCVh+L1Msfoj6e0GEzcVdl6AoKPFJ0K/yXo7o2\nKYziN9OBLLmM5WYedXsdlzh2hvrJH7sCggEBALHA9qrO1IkdwELp0eAhVDKv/kSt\nH6FOyiORZCkaLO7pqcxHsZ+k05efe+8PHmgbAccT7kU8vnJViVmIO4PTVVeDY0Jt\nDlakd05d61LEZp1WoK6MJNVQDirRMB8zkdhkVRqHwfBi84bOuEuv1bmVIN1Mkv4S\nclrmadxxsOENRJYzGAfElTwOStdoNKkVAusB/cKJx0/PJ/ZfBv++3Tx3eLBnlkep\nG1S/BRJrSSM06MiYfYj6oA1iOQ/K67AD+24KcRAm/8CTVHyt1hrdYWKgCt7ls35i\nF2P8PP6JtMrXEXBGlQYo/6CZTcfQH8/is7NLcE+dT470AacXToF+kZgELp4=\n-----END RSA PRIVATE KEY-----\n",
            "content_base64": null,
            "content_base64sha256": "6V6TANw5lodUi8IW7UpPErg/3RnZ4KtMYDRGrbOEg34=",
            "content_base64sha512": "hQZd3ZUXm4Ou8jR7Iu0L5En7NkxKTLJxWVPbuqSajvqRYzXTKqfbvkwb/IjJ6fnYF1AR+jhxtxBXYfdyWxqwdA==",
            "content_md5": "773a334268d1ddf653c135fa927966ac",
            "content_sha1": "9cb96f098fd55d07ed0c87dc98aaf610854ae766",
            "content_sha256": "e95e9300dc399687548bc216ed4a4f12b83fdd19d9e0ab4c603446adb384837e",
            "content_sha512": "85065ddd95179b83aef2347b22ed0be449fb364c4a4cb2715953dbbaa49a8efa916335d32aa7dbbe4c1bfc88c9e9f9d8175011fa3871b7105761f7725b1ab074",
            "directory_permission": "0777",
            "file_permission": "600",
            "filename": "../ansible/mlopsenv_dev_key.pem",
            "id": "9cb96f098fd55d07ed0c87dc98aaf610854ae766",
            "sensitive_content": null,
            "source": null
          },
          "sensitive_attributes": [
            [
              {
                "type": "get_attr",
                "value": "content"
              }
            ]
          ],
          "dependencies": [
            "tls_private_key.rsa"
          ]
        }
      ]
    },
    {
      "mode": "managed",
      "type": "tls_private_key",
      "name": "rsa",
      "provider": "provider[\"registry.terraform.io/hashicorp/tls\"]",
      "instances": [
        {
          "schema_version": 1,
          "attributes": {
            "algorithm": "RSA",
            "ecdsa_curve": "P224",
            "id": "ee9844bc5346e0d5bc7f18790487abb2b7e4a556",
            "private_key_openssh": "-----BEGIN OPENSSH PRIVATE KEY-----\nb3BlbnNzaC1rZXktdjEAAAAABG5vbmUAAAAEbm9uZQAAAAAAAAABAAACFwAAAAdz\nc2gtcnNhAAAAAwEAAQAAAgEAtDqQSNgq5knO4kdqhW77fU0PJT7KJcc3Nv/rVoMp\nABig6N6nIwaVBJGntX9CJiIkdyueG9023AA15HkYZiQthVDjD8L8vYvZ3fDnoX2Q\ncVRo+Iv8yTRU4XKvrCSqL79HvHDft9HWUDJAG6nPaRuWlmNdO/nkGdO+ddW4kkDW\nMxlfNqEpMbF1n6ko+IkcmzhLCXC3j8jBcDvGr4IzbtjI1KbZMO/IzTfgZfE2Piwo\nUnX3kcdJ5jPN3cfqJZn3Bf+ijmuna/xiS7N0oT8iGG2WVhvKPL0tg3yf69IqGFbm\ntyVWlDWVPMh60BYbc5lageIYj4oMwp/F9/aW6heppBATK4OYHi0xrKEkWhSU+ERL\n8nvrPyEg0d6w8ppG1iQ/jipC3oDYeGgEaHRJS8nFDmUpM0KBFnnjd4c+w7oEQFgF\ngIKFRZ282yn6d1KUD4CrNmU4Df46b/bHQuFBK7dKe1tMFuRX4JucFI0VC3P0bDWq\n3SKsj8FbfLvXTiulOQFiyeBaHK4EMx8pNplaZkl0dHTnyMJc0SozgMpMrRFuwfzA\nahK/F5kj0py4Gftls8WRh4QMSELxEmxz7CScQDS/hJR1IhuuD/FpZI6xEvfUMDGz\n/QKB+zYoATtp7rgh4lCvNJCxxcNwd3YZVQcMfSncOTN3MqfGM/w9i3bn20NVaTnh\n14EAAAc49uIgGvbiIBoAAAAHc3NoLXJzYQAAAgEAtDqQSNgq5knO4kdqhW77fU0P\nJT7KJcc3Nv/rVoMpABig6N6nIwaVBJGntX9CJiIkdyueG9023AA15HkYZiQthVDj\nD8L8vYvZ3fDnoX2QcVRo+Iv8yTRU4XKvrCSqL79HvHDft9HWUDJAG6nPaRuWlmNd\nO/nkGdO+ddW4kkDWMxlfNqEpMbF1n6ko+IkcmzhLCXC3j8jBcDvGr4IzbtjI1KbZ\nMO/IzTfgZfE2PiwoUnX3kcdJ5jPN3cfqJZn3Bf+ijmuna/xiS7N0oT8iGG2WVhvK\nPL0tg3yf69IqGFbmtyVWlDWVPMh60BYbc5lageIYj4oMwp/F9/aW6heppBATK4OY\nHi0xrKEkWhSU+ERL8nvrPyEg0d6w8ppG1iQ/jipC3oDYeGgEaHRJS8nFDmUpM0KB\nFnnjd4c+w7oEQFgFgIKFRZ282yn6d1KUD4CrNmU4Df46b/bHQuFBK7dKe1tMFuRX\n4JucFI0VC3P0bDWq3SKsj8FbfLvXTiulOQFiyeBaHK4EMx8pNplaZkl0dHTnyMJc\n0SozgMpMrRFuwfzAahK/F5kj0py4Gftls8WRh4QMSELxEmxz7CScQDS/hJR1Ihuu\nD/FpZI6xEvfUMDGz/QKB+zYoATtp7rgh4lCvNJCxxcNwd3YZVQcMfSncOTN3MqfG\nM/w9i3bn20NVaTnh14EAAAADAQABAAACADpZo5ER+4Gnb8Wu3Xvp3J5KrpaeZ5An\nmWbDIIxX1pRjZOVAANjELsbV6XhHhUEXWLsEciIPUs2Te99GnXGkUOCSuZDGzlEH\n0Dec4UFVh8hJTdr6Z5M00C5VlS6kiD0BLtaBrMy0sTAxtLPAHJipB+4UqYDbfNAn\nz8gSs7kWKMNOeZcUQmQGUlCo0cz1hz9x0El0Jtn0YzxU/hSgkMpYgVznz/WaDGb0\nqkAXAjrKzRs1ejvGS9St/P7K1LHr0SAuDZESpZe+lIxxw1bZO86w3DVwtd9IWE3z\nsUsGNf6/U98Dxa4iUvjk524rWiPpCHZ4nv8J8OuqEswfF+keVBv74FhxCx/DyMIB\nSIRp3+4wxhV3HdlRT0zGqKPDgz8+tD/i/1DDyXcHPDX10MRBHdRPXs++9ZXOm/Ox\nQI5ZJ2T1M/qBBdlf3HxxItMLFjKZM8U4RuopthsruYUPP/8BTKNK7lqk1X3Mi2fr\n5bNSm4BUvUAHHgN47CqxdEyYB9l5dR5GIrSElPp0xAmxmMxgK9GBbZmBqbj7I5uK\n1QOz7AHzTUx5JluGum0V7DmDeRhQorxMYxIfO3XK2HISOKt0wotZ7a6VMP24zL4b\noh51u4kcgOHq/G29t8hnnDuSZzxA0Gjd5V+nKSUCFwxRjAFcGv6aFqEJt6hu+44E\nxu4s1BXm0noJAAABAQCxwPaqztSJHcBC6dHgIVQyr/5ErR+hTsojkWQpGizu6anM\nR7GfpNOXn3vvDx5oGwHHE+5FPL5yVYlZiDuD01VXg2NCbQ5WpHdOXetSxGadVqCu\njCTVUA4q0TAfM5HYZFUah8HwYvOGzrhLr9W5lSDdTJL+EnJa5mnccbDhDUSWMxgH\nxJU8DkrXaDSpFQLrAf3CicdPzyf2Xwb/vt08d3iwZ5ZHqRtUvwUSa0kjNOjImH2I\n+qANYjkPyuuwA/tuCnEQJv/Ak1R8rdYa3WFioAre5bN+Yhdj/Dz+ibTK1xFwRpUG\nKP+gmU3H0B/P4rOzS3BPnU+O9AGnF06BfpGYBC6eAAABAQDeq3311nefael6rZaE\nTb67iloQvr6QMb5AdlGRq78IljtSaDv8fm5CvlgjlDl6UNiakZ7h2DXd6IQ87YGO\nm0yGpbDIbyKPlgig+oRt7KBuPl74cCZyfjPWwq6XOr/jFFGNrYhHMegnAqIslDib\nDpDfX45So4YknP0u1A3fftxO6k0Ez8QGmPgDmNxygwGihPhaDne2dnOWYwYzl7u2\nf/UAOmR/sqEGQQFYCO9gZAfRq2ZcZ06sFZMiMkEP/eAkPd6e80b3Bf2CnbVD8zuk\nXi+o/4tAUipLgPZzYC8zlF5KgZUyljlRO+kQTaYEl7ASYmcmsu63iGtqQgdZrhkX\npOInAAABAQDPNMQisb3NQyqqmRPliWI8g4p225I7uv6idYlyj/cZxOpgh8036uBf\npbYqi5fggPba7l8+c1PXX/QJRAlqQdYatTQZA+0wG0RGAuBhseNZvVosIVbWuxb+\nqE3EAhE8BEHo5PNFXe8E7WFiaoShkK6Q4TUuV8is0AVoMTazAPXOO9OHykuzHPGQ\nomkVOLWsGgyrivUVSOdJ3VzrZ52hA/cIlzlAadYOhcY8fKVkDhgE0NFFYDlJhe9J\nLgMhydI7dEiLSRJDyZux/nGcsH27tscBQqCti9R7sKjARUybXxsdW0rKCDWQE2u3\nIjkKn5hwYhhnXjGeVAMc7KOhbY9eZAoXAAAAAAEC\n-----END OPENSSH PRIVATE KEY-----\n",
            "private_key_pem": "-----BEGIN RSA PRIVATE KEY-----\nMIIJKAIBAAKCAgEAtDqQSNgq5knO4kdqhW77fU0PJT7KJcc3Nv/rVoMpABig6N6n\nIwaVBJGntX9CJiIkdyueG9023AA15HkYZiQthVDjD8L8vYvZ3fDnoX2QcVRo+Iv8\nyTRU4XKvrCSqL79HvHDft9HWUDJAG6nPaRuWlmNdO/nkGdO+ddW4kkDWMxlfNqEp\nMbF1n6ko+IkcmzhLCXC3j8jBcDvGr4IzbtjI1KbZMO/IzTfgZfE2PiwoUnX3kcdJ\n5jPN3cfqJZn3Bf+ijmuna/xiS7N0oT8iGG2WVhvKPL0tg3yf69IqGFbmtyVWlDWV\nPMh60BYbc5lageIYj4oMwp/F9/aW6heppBATK4OYHi0xrKEkWhSU+ERL8nvrPyEg\n0d6w8ppG1iQ/jipC3oDYeGgEaHRJS8nFDmUpM0KBFnnjd4c+w7oEQFgFgIKFRZ28\n2yn6d1KUD4CrNmU4Df46b/bHQuFBK7dKe1tMFuRX4JucFI0VC3P0bDWq3SKsj8Fb\nfLvXTiulOQFiyeBaHK4EMx8pNplaZkl0dHTnyMJc0SozgMpMrRFuwfzAahK/F5kj\n0py4Gftls8WRh4QMSELxEmxz7CScQDS/hJR1IhuuD/FpZI6xEvfUMDGz/QKB+zYo\nATtp7rgh4lCvNJCxxcNwd3YZVQcMfSncOTN3MqfGM/w9i3bn20NVaTnh14ECAwEA\nAQKCAgA6WaOREfuBp2/Frt176dyeSq6WnmeQJ5lmwyCMV9aUY2TlQADYxC7G1el4\nR4VBF1i7BHIiD1LNk3vfRp1xpFDgkrmQxs5RB9A3nOFBVYfISU3a+meTNNAuVZUu\npIg9AS7WgazMtLEwMbSzwByYqQfuFKmA23zQJ8/IErO5FijDTnmXFEJkBlJQqNHM\n9Yc/cdBJdCbZ9GM8VP4UoJDKWIFc58/1mgxm9KpAFwI6ys0bNXo7xkvUrfz+ytSx\n69EgLg2REqWXvpSMccNW2TvOsNw1cLXfSFhN87FLBjX+v1PfA8WuIlL45OduK1oj\n6Qh2eJ7/CfDrqhLMHxfpHlQb++BYcQsfw8jCAUiEad/uMMYVdx3ZUU9Mxqijw4M/\nPrQ/4v9Qw8l3Bzw19dDEQR3UT17PvvWVzpvzsUCOWSdk9TP6gQXZX9x8cSLTCxYy\nmTPFOEbqKbYbK7mFDz//AUyjSu5apNV9zItn6+WzUpuAVL1ABx4DeOwqsXRMmAfZ\neXUeRiK0hJT6dMQJsZjMYCvRgW2Zgam4+yObitUDs+wB801MeSZbhrptFew5g3kY\nUKK8TGMSHzt1ythyEjirdMKLWe2ulTD9uMy+G6IedbuJHIDh6vxtvbfIZ5w7kmc8\nQNBo3eVfpyklAhcMUYwBXBr+mhahCbeobvuOBMbuLNQV5tJ6CQKCAQEA3qt99dZ3\nn2npeq2WhE2+u4paEL6+kDG+QHZRkau/CJY7Umg7/H5uQr5YI5Q5elDYmpGe4dg1\n3eiEPO2BjptMhqWwyG8ij5YIoPqEbeygbj5e+HAmcn4z1sKulzq/4xRRja2IRzHo\nJwKiLJQ4mw6Q31+OUqOGJJz9LtQN337cTupNBM/EBpj4A5jccoMBooT4Wg53tnZz\nlmMGM5e7tn/1ADpkf7KhBkEBWAjvYGQH0atmXGdOrBWTIjJBD/3gJD3envNG9wX9\ngp21Q/M7pF4vqP+LQFIqS4D2c2AvM5ReSoGVMpY5UTvpEE2mBJewEmJnJrLut4hr\nakIHWa4ZF6TiJwKCAQEAzzTEIrG9zUMqqpkT5YliPIOKdtuSO7r+onWJco/3GcTq\nYIfNN+rgX6W2KouX4ID22u5fPnNT11/0CUQJakHWGrU0GQPtMBtERgLgYbHjWb1a\nLCFW1rsW/qhNxAIRPARB6OTzRV3vBO1hYmqEoZCukOE1LlfIrNAFaDE2swD1zjvT\nh8pLsxzxkKJpFTi1rBoMq4r1FUjnSd1c62edoQP3CJc5QGnWDoXGPHylZA4YBNDR\nRWA5SYXvSS4DIcnSO3RIi0kSQ8mbsf5xnLB9u7bHAUKgrYvUe7CowEVMm18bHVtK\nygg1kBNrtyI5Cp+YcGIYZ14xnlQDHOyjoW2PXmQKFwKCAQAHCjT5SMaPa7HOBx7z\nH+If28ftL5qmxGvXbeY2TM/FXbqSaGk9GmIyCgKPXWhTzaqLeH8ldMh/M5K6umeW\nMqLAvwxPyfO1xnCPZlw5fXm1ApPOFv2gMQ1ChPUwItNeQo4xhIMCfTlxwkuOTUFc\n5aD+7u54/mKHVc9LY7jsj/43IIE+3bK84qk0s+iEVk/+62VOs5ZlVmlhH9BaYTm2\nE2WTlEUJJISixftc5StsSL1Wi6y4zytVlXkJY71a3BPyEWKwc9CSjsXtEz9f3pjM\nIY4wMaQdbHuZ14HzM99KKi6w/FfTOZymTNaZhVryWjle222Xc6DIfK+otF23ICH6\n9WORAoIBAGde5KaGU7EuW//F5IYztr2HxjErs1V3IYd86bgsmFLTyTWlKj1GQO+W\npT2ubHOFAyIPn5ZxRJeC+CUTOzs2YxDp63a7Xb4NLE9dKgGzFD/11iGD9GWl6n/b\nCQjLGzv8x8DfT3oAtbiYkGffyhEsM9p1b+mRw7xq/veO7cH5radYc1wgEQnnW6AT\nVidPJlsYl8+QwFoBB9nyxGNwStREPR6dCuPWqQKPvGj6qiwzV8o3Pt/EdG/4kHrK\nqKdXnzkn9vT93E3TK4ht7tIDvoZCVh+L1Msfoj6e0GEzcVdl6AoKPFJ0K/yXo7o2\nKYziN9OBLLmM5WYedXsdlzh2hvrJH7sCggEBALHA9qrO1IkdwELp0eAhVDKv/kSt\nH6FOyiORZCkaLO7pqcxHsZ+k05efe+8PHmgbAccT7kU8vnJViVmIO4PTVVeDY0Jt\nDlakd05d61LEZp1WoK6MJNVQDirRMB8zkdhkVRqHwfBi84bOuEuv1bmVIN1Mkv4S\nclrmadxxsOENRJYzGAfElTwOStdoNKkVAusB/cKJx0/PJ/ZfBv++3Tx3eLBnlkep\nG1S/BRJrSSM06MiYfYj6oA1iOQ/K67AD+24KcRAm/8CTVHyt1hrdYWKgCt7ls35i\nF2P8PP6JtMrXEXBGlQYo/6CZTcfQH8/is7NLcE+dT470AacXToF+kZgELp4=\n-----END RSA PRIVATE KEY-----\n",
            "private_key_pem_pkcs8": "-----BEGIN PRIVATE KEY-----\nMIIJQgIBADANBgkqhkiG9w0BAQEFAASCCSwwggkoAgEAAoICAQC0OpBI2CrmSc7i\nR2qFbvt9TQ8lPsolxzc2/+tWgykAGKDo3qcjBpUEkae1f0ImIiR3K54b3TbcADXk\neRhmJC2FUOMPwvy9i9nd8OehfZBxVGj4i/zJNFThcq+sJKovv0e8cN+30dZQMkAb\nqc9pG5aWY107+eQZ07511biSQNYzGV82oSkxsXWfqSj4iRybOEsJcLePyMFwO8av\ngjNu2MjUptkw78jNN+Bl8TY+LChSdfeRx0nmM83dx+olmfcF/6KOa6dr/GJLs3Sh\nPyIYbZZWG8o8vS2DfJ/r0ioYVua3JVaUNZU8yHrQFhtzmVqB4hiPigzCn8X39pbq\nF6mkEBMrg5geLTGsoSRaFJT4REvye+s/ISDR3rDymkbWJD+OKkLegNh4aARodElL\nycUOZSkzQoEWeeN3hz7DugRAWAWAgoVFnbzbKfp3UpQPgKs2ZTgN/jpv9sdC4UEr\nt0p7W0wW5Ffgm5wUjRULc/RsNardIqyPwVt8u9dOK6U5AWLJ4FocrgQzHyk2mVpm\nSXR0dOfIwlzRKjOAykytEW7B/MBqEr8XmSPSnLgZ+2WzxZGHhAxIQvESbHPsJJxA\nNL+ElHUiG64P8WlkjrES99QwMbP9AoH7NigBO2nuuCHiUK80kLHFw3B3dhlVBwx9\nKdw5M3cyp8Yz/D2LdufbQ1VpOeHXgQIDAQABAoICADpZo5ER+4Gnb8Wu3Xvp3J5K\nrpaeZ5AnmWbDIIxX1pRjZOVAANjELsbV6XhHhUEXWLsEciIPUs2Te99GnXGkUOCS\nuZDGzlEH0Dec4UFVh8hJTdr6Z5M00C5VlS6kiD0BLtaBrMy0sTAxtLPAHJipB+4U\nqYDbfNAnz8gSs7kWKMNOeZcUQmQGUlCo0cz1hz9x0El0Jtn0YzxU/hSgkMpYgVzn\nz/WaDGb0qkAXAjrKzRs1ejvGS9St/P7K1LHr0SAuDZESpZe+lIxxw1bZO86w3DVw\ntd9IWE3zsUsGNf6/U98Dxa4iUvjk524rWiPpCHZ4nv8J8OuqEswfF+keVBv74Fhx\nCx/DyMIBSIRp3+4wxhV3HdlRT0zGqKPDgz8+tD/i/1DDyXcHPDX10MRBHdRPXs++\n9ZXOm/OxQI5ZJ2T1M/qBBdlf3HxxItMLFjKZM8U4RuopthsruYUPP/8BTKNK7lqk\n1X3Mi2fr5bNSm4BUvUAHHgN47CqxdEyYB9l5dR5GIrSElPp0xAmxmMxgK9GBbZmB\nqbj7I5uK1QOz7AHzTUx5JluGum0V7DmDeRhQorxMYxIfO3XK2HISOKt0wotZ7a6V\nMP24zL4boh51u4kcgOHq/G29t8hnnDuSZzxA0Gjd5V+nKSUCFwxRjAFcGv6aFqEJ\nt6hu+44Exu4s1BXm0noJAoIBAQDeq3311nefael6rZaETb67iloQvr6QMb5AdlGR\nq78IljtSaDv8fm5CvlgjlDl6UNiakZ7h2DXd6IQ87YGOm0yGpbDIbyKPlgig+oRt\n7KBuPl74cCZyfjPWwq6XOr/jFFGNrYhHMegnAqIslDibDpDfX45So4YknP0u1A3f\nftxO6k0Ez8QGmPgDmNxygwGihPhaDne2dnOWYwYzl7u2f/UAOmR/sqEGQQFYCO9g\nZAfRq2ZcZ06sFZMiMkEP/eAkPd6e80b3Bf2CnbVD8zukXi+o/4tAUipLgPZzYC8z\nlF5KgZUyljlRO+kQTaYEl7ASYmcmsu63iGtqQgdZrhkXpOInAoIBAQDPNMQisb3N\nQyqqmRPliWI8g4p225I7uv6idYlyj/cZxOpgh8036uBfpbYqi5fggPba7l8+c1PX\nX/QJRAlqQdYatTQZA+0wG0RGAuBhseNZvVosIVbWuxb+qE3EAhE8BEHo5PNFXe8E\n7WFiaoShkK6Q4TUuV8is0AVoMTazAPXOO9OHykuzHPGQomkVOLWsGgyrivUVSOdJ\n3VzrZ52hA/cIlzlAadYOhcY8fKVkDhgE0NFFYDlJhe9JLgMhydI7dEiLSRJDyZux\n/nGcsH27tscBQqCti9R7sKjARUybXxsdW0rKCDWQE2u3IjkKn5hwYhhnXjGeVAMc\n7KOhbY9eZAoXAoIBAAcKNPlIxo9rsc4HHvMf4h/bx+0vmqbEa9dt5jZMz8VdupJo\naT0aYjIKAo9daFPNqot4fyV0yH8zkrq6Z5YyosC/DE/J87XGcI9mXDl9ebUCk84W\n/aAxDUKE9TAi015CjjGEgwJ9OXHCS45NQVzloP7u7nj+YodVz0tjuOyP/jcggT7d\nsrziqTSz6IRWT/7rZU6zlmVWaWEf0FphObYTZZOURQkkhKLF+1zlK2xIvVaLrLjP\nK1WVeQljvVrcE/IRYrBz0JKOxe0TP1/emMwhjjAxpB1se5nXgfMz30oqLrD8V9M5\nnKZM1pmFWvJaOV7bbZdzoMh8r6i0XbcgIfr1Y5ECggEAZ17kpoZTsS5b/8XkhjO2\nvYfGMSuzVXchh3zpuCyYUtPJNaUqPUZA75alPa5sc4UDIg+flnFEl4L4JRM7OzZj\nEOnrdrtdvg0sT10qAbMUP/XWIYP0ZaXqf9sJCMsbO/zHwN9PegC1uJiQZ9/KESwz\n2nVv6ZHDvGr+947twfmtp1hzXCARCedboBNWJ08mWxiXz5DAWgEH2fLEY3BK1EQ9\nHp0K49apAo+8aPqqLDNXyjc+38R0b/iQesqop1efOSf29P3cTdMriG3u0gO+hkJW\nH4vUyx+iPp7QYTNxV2XoCgo8UnQr/JejujYpjOI304EsuYzlZh51ex2XOHaG+skf\nuwKCAQEAscD2qs7UiR3AQunR4CFUMq/+RK0foU7KI5FkKRos7umpzEexn6TTl597\n7w8eaBsBxxPuRTy+clWJWYg7g9NVV4NjQm0OVqR3Tl3rUsRmnVagrowk1VAOKtEw\nHzOR2GRVGofB8GLzhs64S6/VuZUg3UyS/hJyWuZp3HGw4Q1EljMYB8SVPA5K12g0\nqRUC6wH9wonHT88n9l8G/77dPHd4sGeWR6kbVL8FEmtJIzToyJh9iPqgDWI5D8rr\nsAP7bgpxECb/wJNUfK3WGt1hYqAK3uWzfmIXY/w8/om0ytcRcEaVBij/oJlNx9Af\nz+Kzs0twT51PjvQBpxdOgX6RmAQung==\n-----END PRIVATE KEY-----\n",
            "public_key_fingerprint_md5": "c9:7b:f5:2c:8e:24:fe:20:a9:6d:23:da:f2:63:50:d9",
            "public_key_fingerprint_sha256": "SHA256:eVfHHNlwt4whwDr8uCl8a7XNlGqijDztKWgHHuNewrw",
            "public_key_openssh": "ssh-rsa AAAAB3NzaC1yc2EAAAADAQABAAACAQC0OpBI2CrmSc7iR2qFbvt9TQ8lPsolxzc2/+tWgykAGKDo3qcjBpUEkae1f0ImIiR3K54b3TbcADXkeRhmJC2FUOMPwvy9i9nd8OehfZBxVGj4i/zJNFThcq+sJKovv0e8cN+30dZQMkAbqc9pG5aWY107+eQZ07511biSQNYzGV82oSkxsXWfqSj4iRybOEsJcLePyMFwO8avgjNu2MjUptkw78jNN+Bl8TY+LChSdfeRx0nmM83dx+olmfcF/6KOa6dr/GJLs3ShPyIYbZZWG8o8vS2DfJ/r0ioYVua3JVaUNZU8yHrQFhtzmVqB4hiPigzCn8X39pbqF6mkEBMrg5geLTGsoSRaFJT4REvye+s/ISDR3rDymkbWJD+OKkLegNh4aARodElLycUOZSkzQoEWeeN3hz7DugRAWAWAgoVFnbzbKfp3UpQPgKs2ZTgN/jpv9sdC4UErt0p7W0wW5Ffgm5wUjRULc/RsNardIqyPwVt8u9dOK6U5AWLJ4FocrgQzHyk2mVpmSXR0dOfIwlzRKjOAykytEW7B/MBqEr8XmSPSnLgZ+2WzxZGHhAxIQvESbHPsJJxANL+ElHUiG64P8WlkjrES99QwMbP9AoH7NigBO2nuuCHiUK80kLHFw3B3dhlVBwx9Kdw5M3cyp8Yz/D2LdufbQ1VpOeHXgQ==\n",
            "public_key_pem": "-----BEGIN PUBLIC KEY-----\nMIICIjANBgkqhkiG9w0BAQEFAAOCAg8AMIICCgKCAgEAtDqQSNgq5knO4kdqhW77\nfU0PJT7KJcc3Nv/rVoMpABig6N6nIwaVBJGntX9CJiIkdyueG9023AA15HkYZiQt\nhVDjD8L8vYvZ3fDnoX2QcVRo+Iv8yTRU4XKvrCSqL79HvHDft9HWUDJAG6nPaRuW\nlmNdO/nkGdO+ddW4kkDWMxlfNqEpMbF1n6ko+IkcmzhLCXC3j8jBcDvGr4IzbtjI\n1KbZMO/IzTfgZfE2PiwoUnX3kcdJ5jPN3cfqJZn3Bf+ijmuna/xiS7N0oT8iGG2W\nVhvKPL0tg3yf69IqGFbmtyVWlDWVPMh60BYbc5lageIYj4oMwp/F9/aW6heppBAT\nK4OYHi0xrKEkWhSU+ERL8nvrPyEg0d6w8ppG1iQ/jipC3oDYeGgEaHRJS8nFDmUp\nM0KBFnnjd4c+w7oEQFgFgIKFRZ282yn6d1KUD4CrNmU4Df46b/bHQuFBK7dKe1tM\nFuRX4JucFI0VC3P0bDWq3SKsj8FbfLvXTiulOQFiyeBaHK4EMx8pNplaZkl0dHTn\nyMJc0SozgMpMrRFuwfzAahK/F5kj0py4Gftls8WRh4QMSELxEmxz7CScQDS/hJR1\nIhuuD/FpZI6xEvfUMDGz/QKB+zYoATtp7rgh4lCvNJCxxcNwd3YZVQcMfSncOTN3\nMqfGM/w9i3bn20NVaTnh14ECAwEAAQ==\n-----END PUBLIC KEY-----\n",
            "rsa_bits": 4096
          },
          "sensitive_attributes": []
        }
      ]
    },
    {
      "module": "module.vpc",
      "mode": "managed",
      "type": "aws_default_network_acl",
      "name": "this",
      "provider": "provider[\"registry.terraform.io/hashicorp/aws\"]",
      "instances": [
        {
          "index_key": 0,
          "schema_version": 0,
          "attributes": {
            "arn": "arn:aws:ec2:us-west-2:910953234718:network-acl/acl-01858f4d47c23f0e8",
            "default_network_acl_id": "acl-01858f4d47c23f0e8",
            "egress": [
              {
                "action": "allow",
                "cidr_block": "",
                "from_port": 0,
                "icmp_code": 0,
                "icmp_type": 0,
                "ipv6_cidr_block": "::/0",
                "protocol": "-1",
                "rule_no": 101,
                "to_port": 0
              },
              {
                "action": "allow",
                "cidr_block": "0.0.0.0/0",
                "from_port": 0,
                "icmp_code": 0,
                "icmp_type": 0,
                "ipv6_cidr_block": "",
                "protocol": "-1",
                "rule_no": 100,
                "to_port": 0
              }
            ],
            "id": "acl-01858f4d47c23f0e8",
            "ingress": [
              {
                "action": "allow",
                "cidr_block": "",
                "from_port": 0,
                "icmp_code": 0,
                "icmp_type": 0,
                "ipv6_cidr_block": "::/0",
                "protocol": "-1",
                "rule_no": 101,
                "to_port": 0
              },
              {
                "action": "allow",
                "cidr_block": "0.0.0.0/0",
                "from_port": 0,
                "icmp_code": 0,
                "icmp_type": 0,
                "ipv6_cidr_block": "",
                "protocol": "-1",
                "rule_no": 100,
                "to_port": 0
              }
            ],
            "owner_id": "910953234718",
            "subnet_ids": [
              "subnet-0327583012d9b7cd3",
              "subnet-06e151f9262f35b86",
              "subnet-06ea8b354ee5e5a24",
              "subnet-0f1e095936cc1eaa0"
            ],
            "tags": {
              "Name": "mlopsenv_vpc-default"
            },
            "tags_all": {
              "Name": "mlopsenv_vpc-default"
            },
            "vpc_id": "vpc-091de924472c4c6b6"
          },
          "sensitive_attributes": [],
          "private": "bnVsbA==",
          "dependencies": [
            "module.vpc.aws_vpc.this"
          ]
        }
      ]
    },
    {
      "module": "module.vpc",
      "mode": "managed",
      "type": "aws_default_route_table",
      "name": "default",
      "provider": "provider[\"registry.terraform.io/hashicorp/aws\"]",
      "instances": [
        {
          "index_key": 0,
          "schema_version": 0,
          "attributes": {
            "arn": "arn:aws:ec2:us-west-2:910953234718:route-table/rtb-0337a943dc1b43eb0",
            "default_route_table_id": "rtb-0337a943dc1b43eb0",
            "id": "rtb-0337a943dc1b43eb0",
            "owner_id": "910953234718",
            "propagating_vgws": [],
            "route": [],
            "tags": {
              "Name": "mlopsenv_vpc-default"
            },
            "tags_all": {
              "Name": "mlopsenv_vpc-default"
            },
            "timeouts": {
              "create": "5m",
              "update": "5m"
            },
            "vpc_id": "vpc-091de924472c4c6b6"
          },
          "sensitive_attributes": [],
          "private": "eyJlMmJmYjczMC1lY2FhLTExZTYtOGY4OC0zNDM2M2JjN2M0YzAiOnsiY3JlYXRlIjozMDAwMDAwMDAwMDAsInVwZGF0ZSI6MzAwMDAwMDAwMDAwfX0=",
          "dependencies": [
            "module.vpc.aws_vpc.this"
          ]
        }
      ]
    },
    {
      "module": "module.vpc",
      "mode": "managed",
      "type": "aws_default_security_group",
      "name": "this",
      "provider": "provider[\"registry.terraform.io/hashicorp/aws\"]",
      "instances": [
        {
          "index_key": 0,
          "schema_version": 1,
          "attributes": {
            "arn": "arn:aws:ec2:us-west-2:910953234718:security-group/sg-08f6811f055c409ef",
            "description": "default VPC security group",
            "egress": [],
            "id": "sg-08f6811f055c409ef",
            "ingress": [],
            "name": "default",
            "name_prefix": "",
            "owner_id": "910953234718",
            "revoke_rules_on_delete": false,
            "tags": {
              "Name": "mlopsenv_vpc-default"
            },
            "tags_all": {
              "Name": "mlopsenv_vpc-default"
            },
            "vpc_id": "vpc-091de924472c4c6b6"
          },
          "sensitive_attributes": [],
          "private": "eyJzY2hlbWFfdmVyc2lvbiI6IjEifQ==",
          "dependencies": [
            "module.vpc.aws_vpc.this"
          ]
        }
      ]
    },
    {
      "module": "module.vpc",
      "mode": "managed",
      "type": "aws_eip",
      "name": "nat",
      "provider": "provider[\"registry.terraform.io/hashicorp/aws\"]",
      "instances": [
        {
          "index_key": 0,
          "schema_version": 0,
          "attributes": {
            "address": null,
            "allocation_id": "eipalloc-0ec2544656d2f55a5",
            "associate_with_private_ip": null,
            "association_id": "eipassoc-05be786ecfca65ae4",
            "carrier_ip": "",
            "customer_owned_ip": "",
            "customer_owned_ipv4_pool": "",
            "domain": "vpc",
            "id": "eipalloc-0ec2544656d2f55a5",
            "instance": "",
            "network_border_group": "us-west-2",
            "network_interface": "eni-0a62344527c3b4c31",
            "private_dns": "ip-10-0-1-24.us-west-2.compute.internal",
            "private_ip": "10.0.1.24",
            "public_dns": "ec2-100-20-205-172.us-west-2.compute.amazonaws.com",
            "public_ip": "100.20.205.172",
            "public_ipv4_pool": "amazon",
            "tags": {
              "Name": "mlopsenv_vpc-us-west-2a"
            },
            "tags_all": {
              "Name": "mlopsenv_vpc-us-west-2a"
            },
            "timeouts": null,
            "vpc": true
          },
          "sensitive_attributes": [],
          "private": "eyJlMmJmYjczMC1lY2FhLTExZTYtOGY4OC0zNDM2M2JjN2M0YzAiOnsiZGVsZXRlIjoxODAwMDAwMDAwMDAsInJlYWQiOjkwMDAwMDAwMDAwMCwidXBkYXRlIjozMDAwMDAwMDAwMDB9fQ==",
          "dependencies": [
            "data.aws_availability_zones.available",
            "module.vpc.aws_internet_gateway.this",
            "module.vpc.aws_vpc.this",
            "module.vpc.aws_vpc_ipv4_cidr_block_association.this"
          ]
        }
      ]
    },
    {
      "module": "module.vpc",
      "mode": "managed",
      "type": "aws_internet_gateway",
      "name": "this",
      "provider": "provider[\"registry.terraform.io/hashicorp/aws\"]",
      "instances": [
        {
          "index_key": 0,
          "schema_version": 0,
          "attributes": {
            "arn": "arn:aws:ec2:us-west-2:910953234718:internet-gateway/igw-0d95f2f58d3854a12",
            "id": "igw-0d95f2f58d3854a12",
            "owner_id": "910953234718",
            "tags": {
              "Name": "mlopsenv_vpc"
            },
            "tags_all": {
              "Name": "mlopsenv_vpc"
            },
            "timeouts": null,
            "vpc_id": "vpc-091de924472c4c6b6"
          },
          "sensitive_attributes": [],
          "private": "eyJlMmJmYjczMC1lY2FhLTExZTYtOGY4OC0zNDM2M2JjN2M0YzAiOnsiY3JlYXRlIjoxMjAwMDAwMDAwMDAwLCJkZWxldGUiOjEyMDAwMDAwMDAwMDAsInVwZGF0ZSI6MTIwMDAwMDAwMDAwMH19",
          "dependencies": [
            "module.vpc.aws_vpc.this",
            "module.vpc.aws_vpc_ipv4_cidr_block_association.this"
          ]
        }
      ]
    },
    {
      "module": "module.vpc",
      "mode": "managed",
      "type": "aws_nat_gateway",
      "name": "this",
      "provider": "provider[\"registry.terraform.io/hashicorp/aws\"]",
      "instances": [
        {
          "index_key": 0,
          "schema_version": 0,
          "attributes": {
            "allocation_id": "eipalloc-0ec2544656d2f55a5",
            "association_id": "eipassoc-05be786ecfca65ae4",
            "connectivity_type": "public",
            "id": "nat-01cb66d755b68a3ea",
            "network_interface_id": "eni-0a62344527c3b4c31",
            "private_ip": "10.0.1.24",
            "public_ip": "100.20.205.172",
            "secondary_allocation_ids": [],
            "secondary_private_ip_address_count": 0,
            "secondary_private_ip_addresses": [],
            "subnet_id": "subnet-0f1e095936cc1eaa0",
            "tags": {
              "Name": "mlopsenv_vpc-us-west-2a"
            },
            "tags_all": {
              "Name": "mlopsenv_vpc-us-west-2a"
            },
            "timeouts": null
          },
          "sensitive_attributes": [],
          "private": "eyJlMmJmYjczMC1lY2FhLTExZTYtOGY4OC0zNDM2M2JjN2M0YzAiOnsiY3JlYXRlIjo2MDAwMDAwMDAwMDAsImRlbGV0ZSI6MTgwMDAwMDAwMDAwMCwidXBkYXRlIjo2MDAwMDAwMDAwMDB9fQ==",
          "dependencies": [
            "data.aws_availability_zones.available",
            "module.vpc.aws_eip.nat",
            "module.vpc.aws_internet_gateway.this",
            "module.vpc.aws_subnet.public",
            "module.vpc.aws_vpc.this",
            "module.vpc.aws_vpc_ipv4_cidr_block_association.this"
          ]
        }
      ]
    },
    {
      "module": "module.vpc",
      "mode": "managed",
      "type": "aws_route",
      "name": "private_nat_gateway",
      "provider": "provider[\"registry.terraform.io/hashicorp/aws\"]",
      "instances": [
        {
          "index_key": 0,
          "schema_version": 0,
          "attributes": {
            "carrier_gateway_id": "",
            "core_network_arn": "",
            "destination_cidr_block": "0.0.0.0/0",
            "destination_ipv6_cidr_block": "",
            "destination_prefix_list_id": "",
            "egress_only_gateway_id": "",
            "gateway_id": "",
            "id": "r-rtb-0222c99a4c307e92d1080289494",
            "instance_id": "",
            "instance_owner_id": "",
            "local_gateway_id": "",
            "nat_gateway_id": "nat-01cb66d755b68a3ea",
            "network_interface_id": "",
            "origin": "CreateRoute",
            "route_table_id": "rtb-0222c99a4c307e92d",
            "state": "active",
            "timeouts": {
              "create": "5m",
              "delete": null,
              "update": null
            },
            "transit_gateway_id": "",
            "vpc_endpoint_id": "",
            "vpc_peering_connection_id": ""
          },
          "sensitive_attributes": [],
          "private": "eyJlMmJmYjczMC1lY2FhLTExZTYtOGY4OC0zNDM2M2JjN2M0YzAiOnsiY3JlYXRlIjozMDAwMDAwMDAwMDAsImRlbGV0ZSI6MzAwMDAwMDAwMDAwLCJ1cGRhdGUiOjEyMDAwMDAwMDAwMH19",
          "dependencies": [
            "data.aws_availability_zones.available",
            "module.vpc.aws_eip.nat",
            "module.vpc.aws_internet_gateway.this",
            "module.vpc.aws_nat_gateway.this",
            "module.vpc.aws_route_table.private",
            "module.vpc.aws_subnet.public",
            "module.vpc.aws_vpc.this",
            "module.vpc.aws_vpc_ipv4_cidr_block_association.this"
          ]
        }
      ]
    },
    {
      "module": "module.vpc",
      "mode": "managed",
      "type": "aws_route",
      "name": "public_internet_gateway",
      "provider": "provider[\"registry.terraform.io/hashicorp/aws\"]",
      "instances": [
        {
          "index_key": 0,
          "schema_version": 0,
          "attributes": {
            "carrier_gateway_id": "",
            "core_network_arn": "",
            "destination_cidr_block": "0.0.0.0/0",
            "destination_ipv6_cidr_block": "",
            "destination_prefix_list_id": "",
            "egress_only_gateway_id": "",
            "gateway_id": "igw-0d95f2f58d3854a12",
            "id": "r-rtb-080b86c55ead5b8411080289494",
            "instance_id": "",
            "instance_owner_id": "",
            "local_gateway_id": "",
            "nat_gateway_id": "",
            "network_interface_id": "",
            "origin": "CreateRoute",
            "route_table_id": "rtb-080b86c55ead5b841",
            "state": "active",
            "timeouts": {
              "create": "5m",
              "delete": null,
              "update": null
            },
            "transit_gateway_id": "",
            "vpc_endpoint_id": "",
            "vpc_peering_connection_id": ""
          },
          "sensitive_attributes": [],
          "private": "eyJlMmJmYjczMC1lY2FhLTExZTYtOGY4OC0zNDM2M2JjN2M0YzAiOnsiY3JlYXRlIjozMDAwMDAwMDAwMDAsImRlbGV0ZSI6MzAwMDAwMDAwMDAwLCJ1cGRhdGUiOjEyMDAwMDAwMDAwMH19",
          "dependencies": [
            "module.vpc.aws_internet_gateway.this",
            "module.vpc.aws_route_table.public",
            "module.vpc.aws_vpc.this",
            "module.vpc.aws_vpc_ipv4_cidr_block_association.this"
          ]
        }
      ]
    },
    {
      "module": "module.vpc",
      "mode": "managed",
      "type": "aws_route_table",
      "name": "private",
      "provider": "provider[\"registry.terraform.io/hashicorp/aws\"]",
      "instances": [
        {
          "index_key": 0,
          "schema_version": 0,
          "attributes": {
            "arn": "arn:aws:ec2:us-west-2:910953234718:route-table/rtb-0222c99a4c307e92d",
            "id": "rtb-0222c99a4c307e92d",
            "owner_id": "910953234718",
            "propagating_vgws": [],
            "route": [
              {
                "carrier_gateway_id": "",
                "cidr_block": "0.0.0.0/0",
                "core_network_arn": "",
                "destination_prefix_list_id": "",
                "egress_only_gateway_id": "",
                "gateway_id": "",
                "ipv6_cidr_block": "",
                "local_gateway_id": "",
                "nat_gateway_id": "nat-01cb66d755b68a3ea",
                "network_interface_id": "",
                "transit_gateway_id": "",
                "vpc_endpoint_id": "",
                "vpc_peering_connection_id": ""
              }
            ],
            "tags": {
              "Name": "mlopsenv_vpc-private"
            },
            "tags_all": {
              "Name": "mlopsenv_vpc-private"
            },
            "timeouts": null,
            "vpc_id": "vpc-091de924472c4c6b6"
          },
          "sensitive_attributes": [],
          "private": "eyJlMmJmYjczMC1lY2FhLTExZTYtOGY4OC0zNDM2M2JjN2M0YzAiOnsiY3JlYXRlIjozMDAwMDAwMDAwMDAsImRlbGV0ZSI6MzAwMDAwMDAwMDAwLCJ1cGRhdGUiOjEyMDAwMDAwMDAwMH19",
          "dependencies": [
            "data.aws_availability_zones.available",
            "module.vpc.aws_vpc.this",
            "module.vpc.aws_vpc_ipv4_cidr_block_association.this"
          ]
        }
      ]
    },
    {
      "module": "module.vpc",
      "mode": "managed",
      "type": "aws_route_table",
      "name": "public",
      "provider": "provider[\"registry.terraform.io/hashicorp/aws\"]",
      "instances": [
        {
          "index_key": 0,
          "schema_version": 0,
          "attributes": {
            "arn": "arn:aws:ec2:us-west-2:910953234718:route-table/rtb-080b86c55ead5b841",
            "id": "rtb-080b86c55ead5b841",
            "owner_id": "910953234718",
            "propagating_vgws": [],
            "route": [
              {
                "carrier_gateway_id": "",
                "cidr_block": "0.0.0.0/0",
                "core_network_arn": "",
                "destination_prefix_list_id": "",
                "egress_only_gateway_id": "",
                "gateway_id": "igw-0d95f2f58d3854a12",
                "ipv6_cidr_block": "",
                "local_gateway_id": "",
                "nat_gateway_id": "",
                "network_interface_id": "",
                "transit_gateway_id": "",
                "vpc_endpoint_id": "",
                "vpc_peering_connection_id": ""
              }
            ],
            "tags": {
              "Name": "mlopsenv_vpc-public"
            },
            "tags_all": {
              "Name": "mlopsenv_vpc-public"
            },
            "timeouts": null,
            "vpc_id": "vpc-091de924472c4c6b6"
          },
          "sensitive_attributes": [],
          "private": "eyJlMmJmYjczMC1lY2FhLTExZTYtOGY4OC0zNDM2M2JjN2M0YzAiOnsiY3JlYXRlIjozMDAwMDAwMDAwMDAsImRlbGV0ZSI6MzAwMDAwMDAwMDAwLCJ1cGRhdGUiOjEyMDAwMDAwMDAwMH19",
          "dependencies": [
            "module.vpc.aws_vpc.this",
            "module.vpc.aws_vpc_ipv4_cidr_block_association.this"
          ]
        }
      ]
    },
    {
      "module": "module.vpc",
      "mode": "managed",
      "type": "aws_route_table_association",
      "name": "private",
      "provider": "provider[\"registry.terraform.io/hashicorp/aws\"]",
      "instances": [
        {
          "index_key": 0,
          "schema_version": 0,
          "attributes": {
            "gateway_id": "",
            "id": "rtbassoc-0bb9887690a425df4",
            "route_table_id": "rtb-0222c99a4c307e92d",
            "subnet_id": "subnet-06ea8b354ee5e5a24",
            "timeouts": null
          },
          "sensitive_attributes": [],
          "private": "eyJlMmJmYjczMC1lY2FhLTExZTYtOGY4OC0zNDM2M2JjN2M0YzAiOnsiY3JlYXRlIjozMDAwMDAwMDAwMDAsImRlbGV0ZSI6MzAwMDAwMDAwMDAwLCJ1cGRhdGUiOjEyMDAwMDAwMDAwMH19",
          "dependencies": [
            "data.aws_availability_zones.available",
            "module.vpc.aws_route_table.private",
            "module.vpc.aws_subnet.private",
            "module.vpc.aws_vpc.this",
            "module.vpc.aws_vpc_ipv4_cidr_block_association.this"
          ]
        },
        {
          "index_key": 1,
          "schema_version": 0,
          "attributes": {
            "gateway_id": "",
            "id": "rtbassoc-0c2208bf27828aedc",
            "route_table_id": "rtb-0222c99a4c307e92d",
            "subnet_id": "subnet-0327583012d9b7cd3",
            "timeouts": null
          },
          "sensitive_attributes": [],
          "private": "eyJlMmJmYjczMC1lY2FhLTExZTYtOGY4OC0zNDM2M2JjN2M0YzAiOnsiY3JlYXRlIjozMDAwMDAwMDAwMDAsImRlbGV0ZSI6MzAwMDAwMDAwMDAwLCJ1cGRhdGUiOjEyMDAwMDAwMDAwMH19",
          "dependencies": [
            "data.aws_availability_zones.available",
            "module.vpc.aws_route_table.private",
            "module.vpc.aws_subnet.private",
            "module.vpc.aws_vpc.this",
            "module.vpc.aws_vpc_ipv4_cidr_block_association.this"
          ]
        }
      ]
    },
    {
      "module": "module.vpc",
      "mode": "managed",
      "type": "aws_route_table_association",
      "name": "public",
      "provider": "provider[\"registry.terraform.io/hashicorp/aws\"]",
      "instances": [
        {
          "index_key": 0,
          "schema_version": 0,
          "attributes": {
            "gateway_id": "",
            "id": "rtbassoc-061fb430f4cad3706",
            "route_table_id": "rtb-080b86c55ead5b841",
            "subnet_id": "subnet-0f1e095936cc1eaa0",
            "timeouts": null
          },
          "sensitive_attributes": [],
          "private": "eyJlMmJmYjczMC1lY2FhLTExZTYtOGY4OC0zNDM2M2JjN2M0YzAiOnsiY3JlYXRlIjozMDAwMDAwMDAwMDAsImRlbGV0ZSI6MzAwMDAwMDAwMDAwLCJ1cGRhdGUiOjEyMDAwMDAwMDAwMH19",
          "dependencies": [
            "data.aws_availability_zones.available",
            "module.vpc.aws_route_table.public",
            "module.vpc.aws_subnet.public",
            "module.vpc.aws_vpc.this",
            "module.vpc.aws_vpc_ipv4_cidr_block_association.this"
          ]
        },
        {
          "index_key": 1,
          "schema_version": 0,
          "attributes": {
            "gateway_id": "",
            "id": "rtbassoc-00fa3a263c99cc3e4",
            "route_table_id": "rtb-080b86c55ead5b841",
            "subnet_id": "subnet-06e151f9262f35b86",
            "timeouts": null
          },
          "sensitive_attributes": [],
          "private": "eyJlMmJmYjczMC1lY2FhLTExZTYtOGY4OC0zNDM2M2JjN2M0YzAiOnsiY3JlYXRlIjozMDAwMDAwMDAwMDAsImRlbGV0ZSI6MzAwMDAwMDAwMDAwLCJ1cGRhdGUiOjEyMDAwMDAwMDAwMH19",
          "dependencies": [
            "data.aws_availability_zones.available",
            "module.vpc.aws_route_table.public",
            "module.vpc.aws_subnet.public",
            "module.vpc.aws_vpc.this",
            "module.vpc.aws_vpc_ipv4_cidr_block_association.this"
          ]
        }
      ]
    },
    {
      "module": "module.vpc",
      "mode": "managed",
      "type": "aws_subnet",
      "name": "private",
      "provider": "provider[\"registry.terraform.io/hashicorp/aws\"]",
      "instances": [
        {
          "index_key": 0,
          "schema_version": 1,
          "attributes": {
            "arn": "arn:aws:ec2:us-west-2:910953234718:subnet/subnet-06ea8b354ee5e5a24",
            "assign_ipv6_address_on_creation": false,
            "availability_zone": "us-west-2a",
            "availability_zone_id": "usw2-az2",
            "cidr_block": "10.0.101.0/24",
            "customer_owned_ipv4_pool": "",
            "enable_dns64": false,
            "enable_lni_at_device_index": 0,
            "enable_resource_name_dns_a_record_on_launch": false,
            "enable_resource_name_dns_aaaa_record_on_launch": false,
            "id": "subnet-06ea8b354ee5e5a24",
            "ipv6_cidr_block": "",
            "ipv6_cidr_block_association_id": "",
            "ipv6_native": false,
            "map_customer_owned_ip_on_launch": false,
            "map_public_ip_on_launch": false,
            "outpost_arn": "",
            "owner_id": "910953234718",
            "private_dns_hostname_type_on_launch": "ip-name",
            "tags": {
              "Name": "mlopsenv_vpc-private-us-west-2a"
            },
            "tags_all": {
              "Name": "mlopsenv_vpc-private-us-west-2a"
            },
            "timeouts": null,
            "vpc_id": "vpc-091de924472c4c6b6"
          },
          "sensitive_attributes": [],
          "private": "eyJlMmJmYjczMC1lY2FhLTExZTYtOGY4OC0zNDM2M2JjN2M0YzAiOnsiY3JlYXRlIjo2MDAwMDAwMDAwMDAsImRlbGV0ZSI6MTIwMDAwMDAwMDAwMH0sInNjaGVtYV92ZXJzaW9uIjoiMSJ9",
          "dependencies": [
            "data.aws_availability_zones.available",
            "module.vpc.aws_vpc.this",
            "module.vpc.aws_vpc_ipv4_cidr_block_association.this"
          ]
        },
        {
          "index_key": 1,
          "schema_version": 1,
          "attributes": {
            "arn": "arn:aws:ec2:us-west-2:910953234718:subnet/subnet-0327583012d9b7cd3",
            "assign_ipv6_address_on_creation": false,
            "availability_zone": "us-west-2b",
            "availability_zone_id": "usw2-az1",
            "cidr_block": "10.0.102.0/24",
            "customer_owned_ipv4_pool": "",
            "enable_dns64": false,
            "enable_lni_at_device_index": 0,
            "enable_resource_name_dns_a_record_on_launch": false,
            "enable_resource_name_dns_aaaa_record_on_launch": false,
            "id": "subnet-0327583012d9b7cd3",
            "ipv6_cidr_block": "",
            "ipv6_cidr_block_association_id": "",
            "ipv6_native": false,
            "map_customer_owned_ip_on_launch": false,
            "map_public_ip_on_launch": false,
            "outpost_arn": "",
            "owner_id": "910953234718",
            "private_dns_hostname_type_on_launch": "ip-name",
            "tags": {
              "Name": "mlopsenv_vpc-private-us-west-2b"
            },
            "tags_all": {
              "Name": "mlopsenv_vpc-private-us-west-2b"
            },
            "timeouts": null,
            "vpc_id": "vpc-091de924472c4c6b6"
          },
          "sensitive_attributes": [],
          "private": "eyJlMmJmYjczMC1lY2FhLTExZTYtOGY4OC0zNDM2M2JjN2M0YzAiOnsiY3JlYXRlIjo2MDAwMDAwMDAwMDAsImRlbGV0ZSI6MTIwMDAwMDAwMDAwMH0sInNjaGVtYV92ZXJzaW9uIjoiMSJ9",
          "dependencies": [
            "data.aws_availability_zones.available",
            "module.vpc.aws_vpc.this",
            "module.vpc.aws_vpc_ipv4_cidr_block_association.this"
          ]
        }
      ]
    },
    {
      "module": "module.vpc",
      "mode": "managed",
      "type": "aws_subnet",
      "name": "public",
      "provider": "provider[\"registry.terraform.io/hashicorp/aws\"]",
      "instances": [
        {
          "index_key": 0,
          "schema_version": 1,
          "attributes": {
            "arn": "arn:aws:ec2:us-west-2:910953234718:subnet/subnet-0f1e095936cc1eaa0",
            "assign_ipv6_address_on_creation": false,
            "availability_zone": "us-west-2a",
            "availability_zone_id": "usw2-az2",
            "cidr_block": "10.0.1.0/24",
            "customer_owned_ipv4_pool": "",
            "enable_dns64": false,
            "enable_lni_at_device_index": 0,
            "enable_resource_name_dns_a_record_on_launch": false,
            "enable_resource_name_dns_aaaa_record_on_launch": false,
            "id": "subnet-0f1e095936cc1eaa0",
            "ipv6_cidr_block": "",
            "ipv6_cidr_block_association_id": "",
            "ipv6_native": false,
            "map_customer_owned_ip_on_launch": false,
            "map_public_ip_on_launch": false,
            "outpost_arn": "",
            "owner_id": "910953234718",
            "private_dns_hostname_type_on_launch": "ip-name",
            "tags": {
              "Name": "mlopsenv_vpc-public-us-west-2a"
            },
            "tags_all": {
              "Name": "mlopsenv_vpc-public-us-west-2a"
            },
            "timeouts": null,
            "vpc_id": "vpc-091de924472c4c6b6"
          },
          "sensitive_attributes": [],
          "private": "eyJlMmJmYjczMC1lY2FhLTExZTYtOGY4OC0zNDM2M2JjN2M0YzAiOnsiY3JlYXRlIjo2MDAwMDAwMDAwMDAsImRlbGV0ZSI6MTIwMDAwMDAwMDAwMH0sInNjaGVtYV92ZXJzaW9uIjoiMSJ9",
          "dependencies": [
            "data.aws_availability_zones.available",
            "module.vpc.aws_vpc.this",
            "module.vpc.aws_vpc_ipv4_cidr_block_association.this"
          ]
        },
        {
          "index_key": 1,
          "schema_version": 1,
          "attributes": {
            "arn": "arn:aws:ec2:us-west-2:910953234718:subnet/subnet-06e151f9262f35b86",
            "assign_ipv6_address_on_creation": false,
            "availability_zone": "us-west-2b",
            "availability_zone_id": "usw2-az1",
            "cidr_block": "10.0.2.0/24",
            "customer_owned_ipv4_pool": "",
            "enable_dns64": false,
            "enable_lni_at_device_index": 0,
            "enable_resource_name_dns_a_record_on_launch": false,
            "enable_resource_name_dns_aaaa_record_on_launch": false,
            "id": "subnet-06e151f9262f35b86",
            "ipv6_cidr_block": "",
            "ipv6_cidr_block_association_id": "",
            "ipv6_native": false,
            "map_customer_owned_ip_on_launch": false,
            "map_public_ip_on_launch": false,
            "outpost_arn": "",
            "owner_id": "910953234718",
            "private_dns_hostname_type_on_launch": "ip-name",
            "tags": {
              "Name": "mlopsenv_vpc-public-us-west-2b"
            },
            "tags_all": {
              "Name": "mlopsenv_vpc-public-us-west-2b"
            },
            "timeouts": null,
            "vpc_id": "vpc-091de924472c4c6b6"
          },
          "sensitive_attributes": [],
          "private": "eyJlMmJmYjczMC1lY2FhLTExZTYtOGY4OC0zNDM2M2JjN2M0YzAiOnsiY3JlYXRlIjo2MDAwMDAwMDAwMDAsImRlbGV0ZSI6MTIwMDAwMDAwMDAwMH0sInNjaGVtYV92ZXJzaW9uIjoiMSJ9",
          "dependencies": [
            "data.aws_availability_zones.available",
            "module.vpc.aws_vpc.this",
            "module.vpc.aws_vpc_ipv4_cidr_block_association.this"
          ]
        }
      ]
    },
    {
      "module": "module.vpc",
      "mode": "managed",
      "type": "aws_vpc",
      "name": "this",
      "provider": "provider[\"registry.terraform.io/hashicorp/aws\"]",
      "instances": [
        {
          "index_key": 0,
          "schema_version": 1,
          "attributes": {
            "arn": "arn:aws:ec2:us-west-2:910953234718:vpc/vpc-091de924472c4c6b6",
            "assign_generated_ipv6_cidr_block": false,
            "cidr_block": "10.0.0.0/16",
            "default_network_acl_id": "acl-01858f4d47c23f0e8",
            "default_route_table_id": "rtb-0337a943dc1b43eb0",
            "default_security_group_id": "sg-08f6811f055c409ef",
            "dhcp_options_id": "dopt-024a4f9e8b97c6935",
            "enable_dns_hostnames": true,
            "enable_dns_support": true,
            "enable_network_address_usage_metrics": false,
            "id": "vpc-091de924472c4c6b6",
            "instance_tenancy": "default",
            "ipv4_ipam_pool_id": null,
            "ipv4_netmask_length": null,
            "ipv6_association_id": "",
            "ipv6_cidr_block": "",
            "ipv6_cidr_block_network_border_group": "",
            "ipv6_ipam_pool_id": "",
            "ipv6_netmask_length": 0,
            "main_route_table_id": "rtb-0337a943dc1b43eb0",
            "owner_id": "910953234718",
            "tags": {
              "Name": "mlopsenv_vpc"
            },
            "tags_all": {
              "Name": "mlopsenv_vpc"
            }
          },
          "sensitive_attributes": [],
          "private": "eyJzY2hlbWFfdmVyc2lvbiI6IjEifQ=="
        }
      ]
    },
    {
      "module": "module.vpc",
      "mode": "managed",
      "type": "aws_vpn_gateway",
      "name": "this",
      "provider": "provider[\"registry.terraform.io/hashicorp/aws\"]",
      "instances": [
        {
          "index_key": 0,
          "schema_version": 0,
          "attributes": {
            "amazon_side_asn": "64512",
            "arn": "arn:aws:ec2:us-west-2:910953234718:vpn-gateway/vgw-09cfcc0b4530b020f",
            "availability_zone": null,
            "id": "vgw-09cfcc0b4530b020f",
            "tags": {
              "Name": "mlopsenv_vpc"
            },
            "tags_all": {
              "Name": "mlopsenv_vpc"
            },
            "vpc_id": "vpc-091de924472c4c6b6"
          },
          "sensitive_attributes": [],
          "private": "bnVsbA==",
          "dependencies": [
            "module.vpc.aws_vpc.this",
            "module.vpc.aws_vpc_ipv4_cidr_block_association.this"
          ]
        }
      ]
    }
  ],
  "check_results": null
}
