{
  "version": 4,
  "terraform_version": "1.7.4",
  "serial": 1,
  "lineage": "21d128de-2533-2bb8-f73b-513e535cdfc8",
  "outputs": {},
  "resources": [
    {
      "mode": "data",
      "type": "aws_ebs_snapshot",
      "name": "stateful_ebs_snapshot",
      "provider": "provider[\"registry.terraform.io/hashicorp/aws\"]",
      "instances": [
        {
          "schema_version": 0,
          "attributes": {
            "arn": "arn:aws:ec2:us-west-2::snapshot/snap-08602e5896a2b98d5",
            "data_encryption_key_id": "",
            "description": "mlopsenv_stateful_ss",
            "encrypted": false,
            "filter": [
              {
                "name": "tag:Name",
                "values": [
                  "mlopsenv_stateful_ss"
                ]
              },
              {
                "name": "volume-size",
                "values": [
                  "8"
                ]
              }
            ],
            "id": "snap-08602e5896a2b98d5",
            "kms_key_id": "",
            "most_recent": true,
            "outpost_arn": "",
            "owner_alias": "",
            "owner_id": "910953234718",
            "owners": [
              "self"
            ],
            "restorable_by_user_ids": null,
            "snapshot_id": "snap-08602e5896a2b98d5",
            "snapshot_ids": null,
            "state": "completed",
            "storage_tier": "standard",
            "tags": {
              "Name": "mlopsenv_stateful_ss"
            },
            "timeouts": null,
            "volume_id": "vol-01903d48e4a1a3ff8",
            "volume_size": 8
          },
          "sensitive_attributes": []
        }
      ]
    },
    {
      "mode": "managed",
      "type": "aws_ebs_volume",
      "name": "stateful_ebs",
      "provider": "provider[\"registry.terraform.io/hashicorp/aws\"]",
      "instances": [
        {
          "schema_version": 0,
          "attributes": {
            "arn": "arn:aws:ec2:us-west-2:910953234718:volume/vol-0d58d07bbc70a491f",
            "availability_zone": "us-west-2a",
            "encrypted": false,
            "final_snapshot": false,
            "id": "vol-0d58d07bbc70a491f",
            "iops": 100,
            "kms_key_id": "",
            "multi_attach_enabled": false,
            "outpost_arn": "",
            "size": 8,
            "snapshot_id": "snap-08602e5896a2b98d5",
            "tags": {
              "Name": "mlopsenv_stateful_ebs"
            },
            "tags_all": {
              "Name": "mlopsenv_stateful_ebs"
            },
            "throughput": 0,
            "timeouts": null,
            "type": "gp2"
          },
          "sensitive_attributes": [],
          "private": "eyJlMmJmYjczMC1lY2FhLTExZTYtOGY4OC0zNDM2M2JjN2M0YzAiOnsiY3JlYXRlIjozMDAwMDAwMDAwMDAsImRlbGV0ZSI6MzAwMDAwMDAwMDAwLCJ1cGRhdGUiOjMwMDAwMDAwMDAwMH19",
          "dependencies": [
            "data.aws_ebs_snapshot.stateful_ebs_snapshot"
          ]
        }
      ]
    }
  ],
  "check_results": null
}
